{
  "name": "visionlux-optica-shop",
  "version": "0.4.6.0",
  "lockfileVersion": 3,
  "requires": true,
  "packages": {
    "": {
      "name": "visionlux-optica-shop",
      "version": "0.4.6.0",
      "dependencies": {
        "@mediapipe/tasks-vision": "^0.10.35",
        "@supabase/supabase-js": "^2.95.3",
        "clsx": "^2.1.1",
        "framer-motion": "^12.33.0",
        "lucide-react": "^0.344.0",
        "react": "^18.3.1",
        "react-dom": "^18.3.1",
        "tailwind-merge": "^3.4.0"
      },
      "devDependencies": {
        "@eslint/js": "^9.9.1",
        "@playwright/test": "^1.61.1",
        "@testing-library/jest-dom": "^6.9.1",
        "@testing-library/react": "^16.3.2",
        "@testing-library/user-event": "^14.6.1",
        "@types/react": "^18.3.5",
        "@types/react-dom": "^18.3.0",
        "@vitejs/plugin-react": "^4.3.1",
        "autoprefixer": "^10.4.18",
        "eslint": "^9.9.1",
        "eslint-plugin-react-hooks": "^5.1.0-rc.0",
        "eslint-plugin-react-refresh": "^0.4.11",
        "globals": "^15.9.0",
        "jsdom": "^26.1.0",
        "postcss": "^8.4.35",
        "tailwindcss": "^3.4.1",
        "typescript": "^5.5.3",
        "typescript-eslint": "^8.3.0",
        "vite": "^5.4.2",
        "vitest": "^3.2.7"
      }
    },
    "node_modules/@adobe/css-tools": {
      "version": "4.5.0",
      "resolved": "https://registry.npmjs.org/@adobe/css-tools/-/css-tools-4.5.0.tgz",
      "integrity": "sha512-6OzddxPio9UiWTCemp4N8cYLV2ZN1ncRnV1cVGtve7dhPOtRkleRyx32GQCYSwDYgaHU3USMm84tNsvKzRCa1Q==",
      "dev": true,
      "license": "MIT"
    },
    "node_modules/@alloc/quick-lru": {
      "version": "5.2.0",
      "resolved": "https://registry.npmjs.org/@alloc/quick-lru/-/quick-lru-5.2.0.tgz",
      "integrity": "sha512-UrcABB+4bUrFABwbluTIBErXwvbsU/V7TZWfmbgJfbkwiBuziS9gxdODUyuiecfdGQ85jglMW6juS3+z5TsKLw==",
      "dev": true,
      "engines": {
        "node": ">=10"
      },
      "funding": {
        "url": "https://github.com/sponsors/sindresorhus"
      }
    },
    "node_modules/@ampproject/remapping": {
      "version": "2.3.0",
      "resolved": "https://registry.npmjs.org/@ampproject/remapping/-/remapping-2.3.0.tgz",
      "integrity": "sha512-30iZtAPgz+LTIYoeivqYo853f02jBYSd5uGnGpkFV0M3xOt9aN73erkgYAmZU43x4VfqcnLxW9Kpg3R5LC4YYw==",
      "dev": true,
      "dependencies": {
        "@jridgewell/gen-mapping": "^0.3.5",
        "@jridgewell/trace-mapping": "^0.3.24"
      },
      "engines": {
        "node": ">=6.0.0"
      }
    },
    "node_modules/@asamuzakjp/css-color": {
      "version": "3.2.0",
      "resolved": "https://registry.npmjs.org/@asamuzakjp/css-color/-/css-color-3.2.0.tgz",
      "integrity": "sha512-K1A6z8tS3XsmCMM86xoWdn7Fkdn9m6RSVtocUrJYIwZnFVkng/PvkEoWtOWmP+Scc6saYWHWZYbndEEXxl24jw==",
      "dev": true,
      "license": "MIT",
      "dependencies": {
        "@csstools/css-calc": "^2.1.3",
        "@csstools/css-color-parser": "^3.0.9",
        "@csstools/css-parser-algorithms": "^3.0.4",
        "@csstools/css-tokenizer": "^3.0.3",
        "lru-cache": "^10.4.3"
      }
    },
    "node_modules/@asamuzakjp/css-color/node_modules/lru-cache": {
      "version": "10.4.3",
      "resolved": "https://registry.npmjs.org/lru-cache/-/lru-cache-10.4.3.tgz",
      "integrity": "sha512-JNAzZcXrCt42VGLuYz0zfAzDfAvJWW6AfYlDBQyDV5DClI2m5sAmK+OIO7s59XfsRsWHp02jAJrRadPRGTt6SQ==",
      "dev": true,
      "license": "ISC"
    },
    "node_modules/@babel/code-frame": {
      "version": "7.25.7",
      "resolved": "https://registry.npmjs.org/@babel/code-frame/-/code-frame-7.25.7.tgz",
      "integrity": "sha512-0xZJFNE5XMpENsgfHYTw8FbX4kv53mFLn2i3XPoq69LyhYSCBJtitaHx9QnsVTrsogI4Z3+HtEfZ2/GFPOtf5g==",
      "dev": true,
      "dependencies": {
        "@babel/highlight": "^7.25.7",
        "picocolors": "^1.0.0"
      },
      "engines": {
        "node": ">=6.9.0"
      }
    },
    "node_modules/@babel/compat-data": {
      "version": "7.25.7",
      "resolved": "https://registry.npmjs.org/@babel/compat-data/-/compat-data-7.25.7.tgz",
      "integrity": "sha512-9ickoLz+hcXCeh7jrcin+/SLWm+GkxE2kTvoYyp38p4WkdFXfQJxDFGWp/YHjiKLPx06z2A7W8XKuqbReXDzsw==",
      "dev": true,
      "engines": {
        "node": ">=6.9.0"
      }
    },
    "node_modules/@babel/core": {
      "version": "7.25.7",
      "resolved": "https://registry.npmjs.org/@babel/core/-/core-7.25.7.tgz",
      "integrity": "sha512-yJ474Zv3cwiSOO9nXJuqzvwEeM+chDuQ8GJirw+pZ91sCGCyOZ3dJkVE09fTV0VEVzXyLWhh3G/AolYTPX7Mow==",
      "dev": true,
      "dependencies": {
        "@ampproject/remapping": "^2.2.0",
        "@babel/code-frame": "^7.25.7",
        "@babel/generator": "^7.25.7",
        "@babel/helper-compilation-targets": "^7.25.7",
        "@babel/helper-module-transforms": "^7.25.7",
        "@babel/helpers": "^7.25.7",
        "@babel/parser": "^7.25.7",
        "@babel/template": "^7.25.7",
        "@babel/traverse": "^7.25.7",
        "@babel/types": "^7.25.7",
        "convert-source-map": "^2.0.0",
        "debug": "^4.1.0",
        "gensync": "^1.0.0-beta.2",
        "json5": "^2.2.3",
        "semver": "^6.3.1"
      },
      "engines": {
        "node": ">=6.9.0"
      },
      "funding": {
        "type": "opencollective",
        "url": "https://opencollective.com/babel"
      }
    },
    "node_modules/@babel/generator": {
      "version": "7.25.7",
      "resolved": "https://registry.npmjs.org/@babel/generator/-/generator-7.25.7.tgz",
      "integrity": "sha512-5Dqpl5fyV9pIAD62yK9P7fcA768uVPUyrQmqpqstHWgMma4feF1x/oFysBCVZLY5wJ2GkMUCdsNDnGZrPoR6rA==",
      "dev": true,
      "dependencies": {
        "@babel/types": "^7.25.7",
        "@jridgewell/gen-mapping": "^0.3.5",
        "@jridgewell/trace-mapping": "^0.3.25",
        "jsesc": "^3.0.2"
      },
      "engines": {
        "node": ">=6.9.0"
      }
    },
    "node_modules/@babel/helper-compilation-targets": {
      "version": "7.25.7",
      "resolved": "https://registry.npmjs.org/@babel/helper-compilation-targets/-/helper-compilation-targets-7.25.7.tgz",
      "integrity": "sha512-DniTEax0sv6isaw6qSQSfV4gVRNtw2rte8HHM45t9ZR0xILaufBRNkpMifCRiAPyvL4ACD6v0gfCwCmtOQaV4A==",
      "dev": true,
      "dependencies": {
        "@babel/compat-data": "^7.25.7",
        "@babel/helper-validator-option": "^7.25.7",
        "browserslist": "^4.24.0",
        "lru-cache": "^5.1.1",
        "semver": "^6.3.1"
      },
      "engines": {
        "node": ">=6.9.0"
      }
    },
    "node_modules/@babel/helper-module-imports": {
      "version": "7.25.7",
      "resolved": "https://registry.npmjs.org/@babel/helper-module-imports/-/helper-module-imports-7.25.7.tgz",
      "integrity": "sha512-o0xCgpNmRohmnoWKQ0Ij8IdddjyBFE4T2kagL/x6M3+4zUgc+4qTOUBoNe4XxDskt1HPKO007ZPiMgLDq2s7Kw==",
      "dev": true,
      "dependencies": {
        "@babel/traverse": "^7.25.7",
        "@babel/types": "^7.25.7"
      },
      "engines": {
        "node": ">=6.9.0"
      }
    },
    "node_modules/@babel/helper-module-transforms": {
      "version": "7.25.7",
      "resolved": "https://registry.npmjs.org/@babel/helper-module-transforms/-/helper-module-transforms-7.25.7.tgz",
      "integrity": "sha512-k/6f8dKG3yDz/qCwSM+RKovjMix563SLxQFo0UhRNo239SP6n9u5/eLtKD6EAjwta2JHJ49CsD8pms2HdNiMMQ==",
      "dev": true,
      "dependencies": {
        "@babel/helper-module-imports": "^7.25.7",
        "@babel/helper-simple-access": "^7.25.7",
        "@babel/helper-validator-identifier": "^7.25.7",
        "@babel/traverse": "^7.25.7"
      },
      "engines": {
        "node": ">=6.9.0"
      },
      "peerDependencies": {
        "@babel/core": "^7.0.0"
      }
    },
    "node_modules/@babel/helper-plugin-utils": {
      "version": "7.25.7",
      "resolved": "https://registry.npmjs.org/@babel/helper-plugin-utils/-/helper-plugin-utils-7.25.7.tgz",
      "integrity": "sha512-eaPZai0PiqCi09pPs3pAFfl/zYgGaE6IdXtYvmf0qlcDTd3WCtO7JWCcRd64e0EQrcYgiHibEZnOGsSY4QSgaw==",
      "dev": true,
      "engines": {
        "node": ">=6.9.0"
      }
    },
    "node_modules/@babel/helper-simple-access": {
      "version": "7.25.7",
      "resolved": "https://registry.npmjs.org/@babel/helper-simple-access/-/helper-simple-access-7.25.7.tgz",
      "integrity": "sha512-FPGAkJmyoChQeM+ruBGIDyrT2tKfZJO8NcxdC+CWNJi7N8/rZpSxK7yvBJ5O/nF1gfu5KzN7VKG3YVSLFfRSxQ==",
      "dev": true,
      "dependencies": {
        "@babel/traverse": "^7.25.7",
        "@babel/types": "^7.25.7"
      },
      "engines": {
        "node": ">=6.9.0"
      }
    },
    "node_modules/@babel/helper-string-parser": {
      "version": "7.25.7",
      "resolved": "https://registry.npmjs.org/@babel/helper-string-parser/-/helper-string-parser-7.25.7.tgz",
      "integrity": "sha512-CbkjYdsJNHFk8uqpEkpCvRs3YRp9tY6FmFY7wLMSYuGYkrdUi7r2lc4/wqsvlHoMznX3WJ9IP8giGPq68T/Y6g==",
      "dev": true,
      "engines": {
        "node": ">=6.9.0"
      }
    },
    "node_modules/@babel/helper-validator-identifier": {
      "version": "7.25.7",
      "resolved": "https://registry.npmjs.org/@babel/helper-validator-identifier/-/helper-validator-identifier-7.25.7.tgz",
      "integrity": "sha512-AM6TzwYqGChO45oiuPqwL2t20/HdMC1rTPAesnBCgPCSF1x3oN9MVUwQV2iyz4xqWrctwK5RNC8LV22kaQCNYg==",
      "dev": true,
      "engines": {
        "node": ">=6.9.0"
      }
    },
    "node_modules/@babel/helper-validator-option": {
      "version": "7.25.7",
      "resolved": "https://registry.npmjs.org/@babel/helper-validator-option/-/helper-validator-option-7.25.7.tgz",
      "integrity": "sha512-ytbPLsm+GjArDYXJ8Ydr1c/KJuutjF2besPNbIZnZ6MKUxi/uTA22t2ymmA4WFjZFpjiAMO0xuuJPqK2nvDVfQ==",
      "dev": true,
      "engines": {
        "node": ">=6.9.0"
      }
    },
    "node_modules/@babel/helpers": {
      "version": "7.25.7",
      "resolved": "https://registry.npmjs.org/@babel/helpers/-/helpers-7.25.7.tgz",
      "integrity": "sha512-Sv6pASx7Esm38KQpF/U/OXLwPPrdGHNKoeblRxgZRLXnAtnkEe4ptJPDtAZM7fBLadbc1Q07kQpSiGQ0Jg6tRA==",
      "dev": true,
      "dependencies": {
        "@babel/template": "^7.25.7",
        "@babel/types": "^7.25.7"
      },
      "engines": {
        "node": ">=6.9.0"
      }
    },
    "node_modules/@babel/highlight": {
      "version": "7.25.7",
      "resolved": "https://registry.npmjs.org/@babel/highlight/-/highlight-7.25.7.tgz",
      "integrity": "sha512-iYyACpW3iW8Fw+ZybQK+drQre+ns/tKpXbNESfrhNnPLIklLbXr7MYJ6gPEd0iETGLOK+SxMjVvKb/ffmk+FEw==",
      "dev": true,
      "dependencies": {
        "@babel/helper-validator-identifier": "^7.25.7",
        "chalk": "^2.4.2",
        "js-tokens": "^4.0.0",
        "picocolors": "^1.0.0"
      },
      "engines": {
        "node": ">=6.9.0"
      }
    },
    "node_modules/@babel/parser": {
      "version": "7.25.7",
      "resolved": "https://registry.npmjs.org/@babel/parser/-/parser-7.25.7.tgz",
      "integrity": "sha512-aZn7ETtQsjjGG5HruveUK06cU3Hljuhd9Iojm4M8WWv3wLE6OkE5PWbDUkItmMgegmccaITudyuW5RPYrYlgWw==",
      "dev": true,
      "dependencies": {
        "@babel/types": "^7.25.7"
      },
      "bin": {
        "parser": "bin/babel-parser.js"
      },
      "engines": {
        "node": ">=6.0.0"
      }
    },
    "node_modules/@babel/plugin-transform-react-jsx-self": {
      "version": "7.25.7",
      "resolved": "https://registry.npmjs.org/@babel/plugin-transform-react-jsx-self/-/plugin-transform-react-jsx-self-7.25.7.tgz",
      "integrity": "sha512-JD9MUnLbPL0WdVK8AWC7F7tTG2OS6u/AKKnsK+NdRhUiVdnzyR1S3kKQCaRLOiaULvUiqK6Z4JQE635VgtCFeg==",
      "dev": true,
      "dependencies": {
        "@babel/helper-plugin-utils": "^7.25.7"
      },
      "engines": {
        "node": ">=6.9.0"
      },
      "peerDependencies": {
        "@babel/core": "^7.0.0-0"
      }
    },
    "node_modules/@babel/plugin-transform-react-jsx-source": {
      "version": "7.25.7",
      "resolved": "https://registry.npmjs.org/@babel/plugin-transform-react-jsx-source/-/plugin-transform-react-jsx-source-7.25.7.tgz",
      "integrity": "sha512-S/JXG/KrbIY06iyJPKfxr0qRxnhNOdkNXYBl/rmwgDd72cQLH9tEGkDm/yJPGvcSIUoikzfjMios9i+xT/uv9w==",
      "dev": true,
      "dependencies": {
        "@babel/helper-plugin-utils": "^7.25.7"
      },
      "engines": {
        "node": ">=6.9.0"
      },
      "peerDependencies": {
        "@babel/core": "^7.0.0-0"
      }
    },
    "node_modules/@babel/runtime": {
      "version": "7.29.7",
      "resolved": "https://registry.npmjs.org/@babel/runtime/-/runtime-7.29.7.tgz",
      "integrity": "sha512-Nq8OhGWiZIZGV6hLHoyAKLLcJihP/xFeBMGJoUrxTX2psI8dCifzLhZISFb+VWS3wFMRDmCGw5R+dOySCqPLhw==",
      "dev": true,
      "license": "MIT",
      "engines": {
        "node": ">=6.9.0"
      }
    },
    "node_modules/@babel/template": {
      "version": "7.25.7",
      "resolved": "https://registry.npmjs.org/@babel/template/-/template-7.25.7.tgz",
      "integrity": "sha512-wRwtAgI3bAS+JGU2upWNL9lSlDcRCqD05BZ1n3X2ONLH1WilFP6O1otQjeMK/1g0pvYcXC7b/qVUB1keofjtZA==",
      "dev": true,
      "dependencies": {
        "@babel/code-frame": "^7.25.7",
        "@babel/parser": "^7.25.7",
        "@babel/types": "^7.25.7"
      },
      "engines": {
        "node": ">=6.9.0"
      }
    },
    "node_modules/@babel/traverse": {
      "version": "7.25.7",
      "resolved": "https://registry.npmjs.org/@babel/traverse/-/traverse-7.25.7.tgz",
      "integrity": "sha512-jatJPT1Zjqvh/1FyJs6qAHL+Dzb7sTb+xr7Q+gM1b+1oBsMsQQ4FkVKb6dFlJvLlVssqkRzV05Jzervt9yhnzg==",
      "dev": true,
      "dependencies": {
        "@babel/code-frame": "^7.25.7",
        "@babel/generator": "^7.25.7",
        "@babel/parser": "^7.25.7",
        "@babel/template": "^7.25.7",
        "@babel/types": "^7.25.7",
        "debug": "^4.3.1",
        "globals": "^11.1.0"
      },
      "engines": {
        "node": ">=6.9.0"
      }
    },
    "node_modules/@babel/traverse/node_modules/globals": {
      "version": "11.12.0",
      "resolved": "https://registry.npmjs.org/globals/-/globals-11.12.0.tgz",
      "integrity": "sha512-WOBp/EEGUiIsJSp7wcv/y6MO+lV9UoncWqxuFfm8eBwzWNgyfBd6Gz+IeKQ9jCmyhoH99g15M3T+QaVHFjizVA==",
      "dev": true,
      "engines": {
        "node": ">=4"
      }
    },
    "node_modules/@babel/types": {
      "version": "7.25.7",
      "resolved": "https://registry.npmjs.org/@babel/types/-/types-7.25.7.tgz",
      "integrity": "sha512-vwIVdXG+j+FOpkwqHRcBgHLYNL7XMkufrlaFvL9o6Ai9sJn9+PdyIL5qa0XzTZw084c+u9LOls53eoZWP/W5WQ==",
      "dev": true,
      "dependencies": {
        "@babel/helper-string-parser": "^7.25.7",
        "@babel/helper-validator-identifier": "^7.25.7",
        "to-fast-properties": "^2.0.0"
   ç¾tÒÚ$z{-®éÜj×&gVæF–ær#¢°Ð¢'W&Â#¢&‡GG3¢òöv—F‡V"æ6öÒ÷f—FV§2÷f—FS÷7öç6÷#Ó Ð¢ÒÀÐ¢&÷F–öæÄFWVæFVæ6–W2#¢°Ð¢&g6WfVçG2#¢'ã"ã2ã2 Ð¢ÒÀÐ¢'VW$FWVæFVæ6–W2#¢°Ð¢$G—W2öæöFR#¢%ã‚ããÇÂãÓ#ãã"ÀÐ¢&ÆW72#¢"¢"ÀÐ¢&Æ–v‡Fæ–æv772#¢%ãã#ã"ÀÐ¢'672#¢"¢"ÀÐ¢'672ÖVÖ&VFFVB#¢"¢"ÀÐ¢'7G–ÇW2#¢"¢"ÀÐ¢'7Vv'72#¢"¢"ÀÐ¢'FW'6W"#¢%ãRãBã Ð¢ÒÀÐ¢'VW$FWVæFVæ6–W4ÖWF#¢°Ð¢$G—W2öæöFR#¢°Ð¢&÷F–öæÂ#¢G'VPÐ¢ÒÀÐ¢&ÆW72#¢°Ð¢&÷F–öæÂ#¢G'VPÐ¢ÒÀÐ¢&Æ–v‡Fæ–æv772#¢°Ð¢&÷F–öæÂ#¢G'VPÐ¢ÒÀÐ¢'672#¢°Ð¢&÷F–öæÂ#¢G'VPÐ¢ÒÀÐ¢'672ÖVÖ&VFFVB#¢°Ð¢&÷F–öæÂ#¢G'VPÐ¢ÒÀÐ¢'7G–ÇW2#¢°Ð¢&÷F–öæÂ#¢G'VPÐ¢ÒÀÐ¢'7Vv'72#¢°Ð¢&÷F–öæÂ#¢G'VPÐ¢ÒÀÐ¢'FW'6W"#¢°Ð¢&÷F–öæÂ#¢G'VPÐ¢ÐÐ¢ÐÐ¢ÒÀÐ¢&æöFUöÖöGVÆW2÷f—FRÖæöFR#¢°Ð¢'fW'6–öâ#¢#2ã"ãB"ÀÐ¢'&W6öÇfVB#¢&‡GG3¢ò÷&Vv—7G'’æçÖ§2æ÷&r÷f—FRÖæöFRòÒ÷f—FRÖæöFRÓ2ã"ãBçFw¢"ÀÐ¢&–çFVw&—G’#¢'6†S"ÔV$µ4¶‚¶&ƒS”g†TósãFGfôõGCTF•„ÖB÷â²·#“‚¶¥ó‡D¦–Çe†ÆFWU†v””#T–·¤6tÖÆT„ÔäW4tƒgsÓÒ"ÀÐ¢&FWb#¢G'VRÀÐ¢&Æ–6Vç6R#¢$Ô•B"ÀÐ¢&FWVæFVæ6–W2#¢°Ð¢&62#¢%ãbãrãB"ÀÐ¢&FV'Vr#¢%ãBãBã"ÀÐ¢&W2ÖÖöGVÆRÖÆW†W"#¢%ããrã"ÀÐ¢'F†R#¢%ã"ãã2"ÀÐ¢'f—FR#¢%ãRããÇÂãbããÇÂãrããÓ Ð¢ÒÀÐ¢&&–â#¢°Ð¢'f—FRÖæöFR#¢'f—FRÖæöFRæÖ§2 Ð¢ÒÀÐ¢&Væv–æW2#¢°Ð¢&æöFR#¢%ã‚ããÇÂã#ããÇÂãÓ#"ãã Ð¢ÒÀÐ¢&gVæF–ær#¢°Ð¢'W&Â#¢&‡GG3¢òö÷Væ6öÆÆV7F—fRæ6öÒ÷f—FW7B Ð¢ÐÐ¢ÒÀÐ¢&æöFUöÖöGVÆW2÷f—FW7B#¢°Ð¢'fW'6–öâ#¢#2ã"ãr"ÀÐ¢'&W6öÇfVB#¢&‡GG3¢ò÷&Vv—7G'’æçÖ§2æ÷&r÷f—FW7BòÒ÷f—FW7BÓ2ã"ãrçFw¢"ÀÐ¢&–çFVw&—G’#¢'6†S"Ô·'„”£c$fCƒ–vg—5#Ev÷FÆu¤&—£&Geww¥ƒw2´7w7ÄföÕ$ƒsssu¦7$ôCbµudƒv¶…C´$¶'4¤g&DVsÓÒ"ÀÐ¢&FWb#¢G'VRÀÐ¢&Æ–6Vç6R#¢$Ô•B"ÀÐ¢&FWVæFVæ6–W2#¢°Ð¢$G—W2ö6†’#¢%ãRã"ã""ÀÐ¢$f—FW7BöW‡V7B#¢#2ã"ãr"ÀÐ¢$f—FW7BöÖö6¶W"#¢#2ã"ãr"ÀÐ¢$f—FW7B÷&WGG’Öf÷&ÖB#¢%ã2ã"ãr"ÀÐ¢$f—FW7B÷'VææW"#¢#2ã"ãr"ÀÐ¢$f—FW7B÷6æ6†÷B#¢#2ã"ãr"ÀÐ¢$f—FW7B÷7’#¢#2ã"ãr"ÀÐ¢$f—FW7B÷WF–Ç2#¢#2ã"ãr"ÀÐ¢&6†’#¢%ãRã"ã"ÀÐ¢&FV'Vr#¢%ãBãBã"ÀÐ¢&W‡V7B×G—R#¢%ãã"ã"ÀÐ¢&Öv–2×7G&–ær#¢%ãã3ãr"ÀÐ¢'F†R#¢%ã"ãã2"ÀÐ¢'–6öÖF6‚#¢%ãBãã""ÀÐ¢'7FBÖVçb#¢%ã2ã’ã"ÀÐ¢'F–ç–&Væ6‚#¢%ã"ã’ã"ÀÐ¢'F–ç–W†V2#¢%ãã2ã""ÀÐ¢'F–ç–vÆö&'’#¢%ãã"ãB"ÀÐ¢'F–ç—ööÂ#¢%ããã"ÀÐ¢'F–ç—&–æ&÷r#¢%ã"ãã"ÀÐ¢'f—FR#¢%ãRããÇÂãbããÇÂãrããÓ"ÀÐ¢'f—FRÖæöFR#¢#2ã"ãB"ÀÐ¢'v‡’Ö—2ÖæöFR×'Vææ–ær#¢%ã"ã2ã Ð¢ÒÀÐ¢&&–â#¢°Ð¢'f—FW7B#¢'f—FW7BæÖ§2 Ð¢ÒÀÐ¢&Væv–æW2#¢°Ð¢&æöFR#¢%ã‚ããÇÂã#ããÇÂãÓ#"ãã Ð¢ÒÀÐ¢&gVæF–ær#¢°Ð¢'W&Â#¢&‡GG3¢òö÷Væ6öÆÆV7F—fRæ6öÒ÷f—FW7B Ð¢ÒÀÐ¢'VW$FWVæFVæ6–W2#¢°Ð¢$VFvR×'VçF–ÖR÷fÒ#¢"¢"ÀÐ¢$G—W2öFV'Vr#¢%ãBãã""ÀÐ¢$G—W2öæöFR#¢%ã‚ããÇÂã#ããÇÂãÓ#"ãã"ÀÐ¢$f—FW7Bö'&÷w6W"#¢#2ã"ãr"ÀÐ¢$f—FW7B÷V’#¢#2ã"ãr"ÀÐ¢&†’ÖFöÒ#¢"¢"ÀÐ¢&§6FöÒ#¢"¢ Ð¢ÒÀÐ¢'VW$FWVæFVæ6–W4ÖWF#¢°Ð¢$VFvR×'VçF–ÖR÷fÒ#¢°Ð¢&÷F–öæÂ#¢G'VPÐ¢ÒÀÐ¢$G—W2öFV'Vr#¢°Ð¢&÷F–öæÂ#¢G'VPÐ¢ÒÀÐ¢$G—W2öæöFR#¢°Ð¢&÷F–öæÂ#¢G'VPÐ¢ÒÀÐ¢$f—FW7Bö'&÷w6W"#¢°Ð¢&÷F–öæÂ#¢G'VPÐ¢ÒÀÐ¢$f—FW7B÷V’#¢°Ð¢&÷F–öæÂ#¢G'VPÐ¢ÒÀÐ¢&†’ÖFöÒ#¢°Ð¢&÷F–öæÂ#¢G'VPÐ¢ÒÀÐ¢&§6FöÒ#¢°Ð¢&÷F–öæÂ#¢G'VPÐ¢ÐÐ¢ÐÐ¢ÒÀÐ¢&æöFUöÖöGVÆW2÷f—FW7BöæöFUöÖöGVÆW2÷–6öÖF6‚#¢°Ð¢'fW'6–öâ#¢#BããR"ÀÐ¢'&W6öÇfVB#¢&‡GG3¢ò÷&Vv—7G'’æçÖ§2æ÷&r÷–6öÖF6‚òÒ÷–6öÖF6‚ÓBããRçFw¢"ÀÐ¢&–çFVw&—G’#¢'6†S"Õ'gwv7'Tæ¤“æ5CW…&¶W•3”Æc†Æ4—Gc3D´B¶–bµdƒ–¶GT–e”&—vƒ##sG‡FVä•£’õ#”&ED&†tu6ƒÓÒ"ÀÐ¢&FWb#¢G'VRÀÐ¢&Æ–6Vç6R#¢$Ô•B"ÀÐ¢&Væv–æW2#¢°Ð¢&æöFR#¢#ãÓ" Ð¢ÒÀÐ¢&gVæF–ær#¢°Ð¢'W&Â#¢&‡GG3¢òöv—F‡V"æ6öÒ÷7öç6÷'2ö¦öç66†Æ–æ¶W'B Ð¢ÐÐ¢ÒÀÐ¢&æöFUöÖöGVÆW2÷s62×†ÖÇ6W&–Æ—¦W"#¢°Ð¢'fW'6–öâ#¢#Rãã"ÀÐ¢'&W6öÇfVB#¢&‡GG3¢ò÷&Vv—7G'’æçÖ§2æ÷&r÷s62×†ÖÇ6W&–Æ—¦W"òÒ÷s62×†ÖÇ6W&–Æ—¦W"ÓRããçFw¢"ÀÐ¢&–çFVw&—G’#¢'6†S"Öó‡v†Ä“„å¤…SÄÅ'“"µWv&ƒDtu”æÆÇ¥w‡•wFT¤ô77"õ¶õ$C•DôÇSTeE¤óFC4c”Öåt¦f”ÖóD&¶ÔÓÒ"ÀÐ¢&FWb#¢G'VRÀÐ¢&Æ–6Vç6R#¢$Ô•B"ÀÐ¢&FWVæFVæ6–W2#¢°Ð¢'†ÖÂÖæÖR×fÆ–FF÷"#¢%ãRãã Ð¢ÒÀÐ¢&Væv–æW2#¢°Ð¢&æöFR#¢#ãÓ‚ Ð¢ÐÐ¢ÒÀÐ¢&æöFUöÖöGVÆW2÷vV&–FÂÖ6öçfW'6–öç2#¢°Ð¢'fW'6–öâ#¢#rãã"ÀÐ¢'&W6öÇfVB#¢&‡GG3¢ò÷&Vv—7G'’æçÖ§2æ÷&r÷vV&–FÂÖ6öçfW'6–öç2òÒ÷vV&–FÂÖ6öçfW'6–öç2ÓrããçFw¢"ÀÐ¢&–çFVw&—G’#¢'6†S"ÕgvFD'V´G§Ssöfd#“sWVä$”wdµ§Ò³…¥ƒg•6³†å–…föóT5–§—§C5”'e—E'Dò¶ôvÇ…rô#ƒtäue¢ögSfsÓÒ"ÀÐ¢&FWb#¢G'VRÀÐ¢&Æ–6Vç6R#¢$%4BÓ"Ô6ÆW6R"ÀÐ¢&Væv–æW2#¢°Ð¢&æöFR#¢#ãÓ" Ð¢ÐÐ¢ÒÀÐ¢&æöFUöÖöGVÆW2÷v†GvrÖVæ6öF–ær#¢°Ð¢'fW'6–öâ#¢#2ãã"ÀÐ¢'&W6öÇfVB#¢&‡GG3¢ò÷&Vv—7G'’æçÖ§2æ÷&r÷v†GvrÖVæ6öF–æròÒ÷v†GvrÖVæ6öF–ærÓ2ããçFw¢"ÀÐ¢&–çFVw&—G’#¢'6†S"ÓgãF„¦D×ve”'DS5”%ED††öWUW$D%¦Ö%…t4ÅbôÖTVå#W£†C…T·VC%$´fõ¶Ô"¶†Æ“E¥6ç–“ƒG‡£eÓÒ"ÀÐ¢&FW&V6FVB#¢%W6RW†öGW2ö'—FW2–ç7FVBf÷"Ö÷&R7V2Ö6öæf÷&ÖçBæBf7FW"–×ÆVÖVçFF–öâ"ÀÐ¢&FWb#¢G'VRÀÐ¢&Æ–6Vç6R#¢$Ô•B"ÀÐ¢&FWVæFVæ6–W2#¢°Ð¢&–6öçbÖÆ—FR#¢#ãbã2 Ð¢ÒÀÐ¢&Væv–æW2#¢°Ð¢&æöFR#¢#ãÓ‚ Ð¢ÐÐ¢ÒÀÐ¢&æöFUöÖöGVÆW2÷v†GvrÖÖ–ÖWG—R#¢°Ð¢'fW'6–öâ#¢#Bãã"ÀÐ¢'&W6öÇfVB#¢&‡GG3¢ò÷&Vv—7G'’æçÖ§2æ÷&r÷v†GvrÖÖ–ÖWG—RòÒ÷v†GvrÖÖ–ÖWG—RÓBããçFw¢"ÀÐ¢&–çFVw&—G’#¢'6†S"Õ·†ƒTä–“&ÔS—'dVG¦ftô´„66££SdTT„uõg‡‡#’ö—7¤ÅUUcwcƒ—ƒ”óõB´æÅDÓUsv¥sb¶7£Dg•fsÓÒ"ÀÐ¢&FWb#¢G'VRÀÐ¢&Æ–6Vç6R#¢$Ô•B"ÀÐ¢&Væv–æW2#¢°Ð¢&æöFR#¢#ãÓ‚ Ð¢ÐÐ¢ÒÀÐ¢&æöFUöÖöGVÆW2÷v†Gvr×W&Â#¢°Ð¢'fW'6–öâ#¢#Bã"ã"ÀÐ¢'&W6öÇfVB#¢&‡GG3¢ò÷&Vv—7G'’æçÖ§2æ÷&r÷v†Gvr×W&ÂòÒ÷v†Gvr×W&ÂÓBã"ãçFw¢"ÀÐ¢&–çFVw&—G’#¢'6†S"ÔFSs$vE§¤åET$$6‡5‡VUVå´F¶róTW§wdGU£UTfôTç”5SvÄ7g§våF¶¢²¶–‡·t·•–Wvâõ„åV$·sÓÒ"ÀÐ¢&FWb#¢G'VRÀÐ¢&Æ–6Vç6R#¢$Ô•B"ÀÐ¢&FWVæFVæ6–W2#¢°Ð¢'G#Cb#¢%ãRãã"ÀÐ¢'vV&–FÂÖ6öçfW'6–öç2#¢%ãrãã Ð¢ÒÀÐ¢&Væv–æW2#¢°Ð¢&æöFR#¢#ãÓ‚ Ð¢ÐÐ¢ÒÀÐ¢&æöFUöÖöGVÆW2÷v†–6‚#¢°Ð¢'fW'6–öâ#¢#"ãã""ÀÐ¢'&W6öÇfVB#¢&‡GG3¢ò÷&Vv—7G'’æçÖ§2æ÷&r÷v†–6‚òÒ÷v†–6‚Ó"ãã"çFw¢"ÀÐ¢&–çFVw&—G’#¢'6†S"Ô$Ä“5FÃEs5fÃsÃ7—5“cF’¶wu‡4t%•v¶·×Fæ%†w$ÔB·–£w&…s·TTG‡¤¦•„v¤UsVöv´äÔT´äÖ¦–$ÓÒ"ÀÐ¢&FWb#¢G'VRÀÐ¢&FWVæFVæ6–W2#¢°Ð¢&—6W†R#¢%ã"ãã Ð¢ÒÀÐ¢&&–â#¢°Ð¢&æöFR×v†–6‚#¢&&–âöæöFR×v†–6‚ Ð¢ÒÀÐ¢&Væv–æW2#¢°Ð¢&æöFR#¢#ãÒ‚ Ð¢ÐÐ¢ÒÀÐ¢&æöFUöÖöGVÆW2÷v‡’Ö—2ÖæöFR×'Vææ–ær#¢°Ð¢'fW'6–öâ#¢#"ã2ã"ÀÐ¢'&W6öÇfVB#¢&‡GG3¢ò÷&Vv—7G'’æçÖ§2æ÷&r÷v‡’Ö—2ÖæöFR×'Vææ–æròÒ÷v‡’Ö—2ÖæöFR×'Vææ–ærÓ"ã2ãçFw¢"ÀÐ¢&–çFVw&—G’#¢'6†S"Ö…W&Öt&EdF7‡e—ç–ƒ—§Vä·¥$õv¦%¥F”ç“†D$V¦µ3vV„TE–%„£u‡fÆ×F'wUF6ÅV”—”â´7•…CEfÖ¶ó†dæÓ‡sÓÒ"ÀÐ¢&FWb#¢G'VRÀÐ¢&Æ–6Vç6R#¢$Ô•B"ÀÐ¢&FWVæFVæ6–W2#¢°Ð¢'6–v–æfò#¢%ã"ãã"ÀÐ¢'7F6¶&6²#¢#ãã" Ð¢ÒÀÐ¢&&–â#¢°Ð¢'v‡’Ö—2ÖæöFR×'Vææ–ær#¢&6Æ’æ§2 Ð¢ÒÀÐ¢&Væv–æW2#¢°Ð¢&æöFR#¢#ãÓ‚ Ð¢ÐÐ¢ÒÀÐ¢&æöFUöÖöGVÆW2÷v÷&B×w&#¢°Ð¢'fW'6–öâ#¢#ã"ãR"ÀÐ¢'&W6öÇfVB#¢&‡GG3¢ò÷&Vv—7G'’æçÖ§2æ÷&r÷v÷&B×w&òÒ÷v÷&B×w&Óã"ãRçFw¢"ÀÐ¢&–çFVw&—G’#¢'6†S"Ô$ã#$#VVÔÔ“•T×F§$vCVsVT5•5EW“d¥†%—6CW¥—†¤dö6µ3S55DS7vµfõw……f#4'%–4TãEGvST#V4ÓÒ"ÀÐ¢&FWb#¢G'VRÀÐ¢&Væv–æW2#¢°Ð¢&æöFR#¢#ãÓãã Ð¢ÐÐ¢ÒÀÐ¢&æöFUöÖöGVÆW2÷w&Öç6’#¢°Ð¢'fW'6–öâ#¢#‚ãã"ÀÐ¢'&W6öÇfVB#¢&‡GG3¢ò÷&Vv—7G'’æçÖ§2æ÷&r÷w&Öç6’òÒ÷w&Öç6’Ó‚ããçFw¢"ÀÐ¢&–çFVw&—G’#¢'6†S"×6“ut“g¥T×Sf$U4gfwF×¤ÖDt÷F÷†e"µ6W£Öö&f3wFÒµfµV6¶³–%s%VVfeDueV$ö·7†Õ7s&w3†ssä5ÓÒ"ÀÐ¢&FWb#¢G'VRÀÐ¢&FWVæFVæ6–W2#¢°Ð¢&ç6’×7G–ÆW2#¢%ãbãã"ÀÐ¢'7G&–ær×v–GF‚#¢%ãRãã"ÀÐ¢'7G&—Öç6’#¢%ãrãã Ð¢ÒÀÐ¢&Væv–æW2#¢°Ð¢&æöFR#¢#ãÓ" Ð¢ÒÀÐ¢&gVæF–ær#¢°Ð¢'W&Â#¢&‡GG3¢òöv—F‡V"æ6öÒö6†Æ²÷w&Öç6“÷7öç6÷#Ó Ð¢ÐÐ¢ÒÀÐ¢&æöFUöÖöGVÆW2÷w&Öç6’Ö6§2#¢°Ð¢&æÖR#¢'w&Öç6’"ÀÐ¢'fW'6–öâ#¢#rãã"ÀÐ¢'&W6öÇfVB#¢&‡GG3¢ò÷&Vv—7G'’æçÖ§2æ÷&r÷w&Öç6’òÒ÷w&Öç6’ÓrããçFw¢"ÀÐ¢&–çFVw&—G’#¢'6†S"Õ•dt–£&¶ÔÅ5G‡sdç5¦¦ô'†e7w6ã–6FW6Ö3Gµ#3W¥U£Â´æg…fG…FD‡fÔådõe…5”sDWG—Bôf“tCeÓÒ"ÀÐ¢&FWb#¢G'VRÀÐ¢&FWVæFVæ6–W2#¢°Ð¢&ç6’×7G–ÆW2#¢%ãBãã"ÀÐ¢'7G&–ær×v–GF‚#¢%ãBãã"ÀÐ¢'7G&—Öç6’#¢%ãbãã Ð¢ÒÀÐ¢&Væv–æW2#¢°Ð¢&æöFR#¢#ãÓ Ð¢ÒÀÐ¢&gVæF–ær#¢°Ð¢'W&Â#¢&‡GG3¢òöv—F‡V"æ6öÒö6†Æ²÷w&Öç6“÷7öç6÷#Ó Ð¢ÐÐ¢ÒÀÐ¢&æöFUöÖöGVÆW2÷w&Öç6’Ö6§2öæöFUöÖöGVÆW2öç6’×&VvW‚#¢°Ð¢'fW'6–öâ#¢#Rãã"ÀÐ¢'&W6öÇfVB#¢&‡GG3¢ò÷&Vv—7G'’æçÖ§2æ÷&röç6’×&VvW‚òÒöç6’×&VvW‚ÓRããçFw¢"ÀÐ¢&–çFVw&—G’#¢'6†S"×T¥†ÅE5TtÃ$Äƒ•5U†ó…gw5“G6öæ†vódÄå6ÓƒDSÄ&4S‡34ówF•'§•#—¢õ¥¤¤ÖÄÕwc3wôö#—D¦ÄÕTT´eÓÒ"ÀÐ¢&FWb#¢G'VRÀÐ¢&Væv–æW2#¢°Ð¢&æöFR#¢#ãÓ‚ Ð¢ÐÐ¢ÒÀÐ¢&æöFUöÖöGVÆW2÷w&Öç6’Ö6§2öæöFUöÖöGVÆW2öç6’×7G–ÆW2#¢°Ð¢'fW'6–öâ#¢#Bã2ã"ÀÐ¢'&W6öÇfVB#¢&‡GG3¢ò÷&Vv—7G'’æçÖ§2æ÷&röç6’×7G–ÆW2òÒöç6’×7G–ÆW2ÓBã2ãçFw¢"ÀÐ¢&–çFVw&—G’#¢'6†S"×¦$#—$4¤C&&¦•dF#&‡´d„å”Ç†wF³„åU'…£4•§tC4cdçG†%…¥6æå6“Æ·‚´”Fö†EÄg##'udÄ–†U¤¥4VsÓÒ"ÀÐ¢&FWb#¢G'VRÀÐ¢&FWVæFVæ6–W2#¢°Ð¢&6öÆ÷"Ö6öçfW'B#¢%ã"ãã Ð¢ÒÀÐ¢&Væv–æW2#¢°Ð¢&æöFR#¢#ãÓ‚ Ð¢ÒÀÐ¢&gVæF–ær#¢°Ð¢'W&Â#¢&‡GG3¢òöv—F‡V"æ6öÒö6†Æ²öç6’×7G–ÆW3÷7öç6÷#Ó Ð¢ÐÐ¢ÒÀÐ¢&æöFUöÖöGVÆW2÷w&Öç6’Ö6§2öæöFUöÖöGVÆW2ö6öÆ÷"Ö6öçfW'B#¢°Ð¢'fW'6–öâ#¢#"ãã"ÀÐ¢'&W6öÇfVB#¢&‡GG3¢ò÷&Vv—7G'’æçÖ§2æ÷&rö6öÆ÷"Ö6öçfW'BòÒö6öÆ÷"Ö6öçfW'BÓ"ããçFw¢"ÀÐ¢&–çFVw&—G’#¢'6†S"Õ%$T56£v—R÷†#Vôµ–74d…7dæç6¢óS$õeE$¶#G¥Vöå‡udc7¥fÖÕFôæ4ödt2´5$Gd²õSSƒFdÖs3…¤„6VÄµÓÒ"ÀÐ¢&FWb#¢G'VRÀÐ¢&FWVæFVæ6–W2#¢°Ð¢&6öÆ÷"ÖæÖR#¢'ãããB Ð¢ÒÀÐ¢&Væv–æW2#¢°Ð¢&æöFR#¢#ãÓrãã Ð¢ÐÐ¢ÒÀÐ¢&æöFUöÖöGVÆW2÷w&Öç6’Ö6§2öæöFUöÖöGVÆW2ö6öÆ÷"ÖæÖR#¢°Ð¢'fW'6–öâ#¢#ããB"ÀÐ¢'&W6öÇfVB#¢&‡GG3¢ò÷&Vv—7G'’æçÖ§2æ÷&rö6öÆ÷"ÖæÖRòÒö6öÆ÷"ÖæÖRÓããBçFw¢"ÀÐ¢&–çFVw&—G’#¢'6†S"ÖD÷’³4Us6'tæ%¤„—TÕ§F6v¤wTÅR÷T$Â÷V&5¤c”õ†$Fó†fcDó‡•gT&cVe3‡TVõ–óWDgƒvE“”öuu†t5ÓÒ"ÀÐ¢&FWb#¢G'VPÐ¢ÒÀÐ¢&æöFUöÖöGVÆW2÷w&Öç6’Ö6§2öæöFUöÖöGVÆW2öVÖö¦’×&VvW‚#¢°Ð¢'fW'6–öâ#¢#‚ãã"ÀÐ¢'&W6öÇfVB#¢&‡GG3¢ò÷&Vv—7G'’æçÖ§2æ÷&röVÖö¦’×&VvW‚òÒöVÖö¦’×&VvW‚Ó‚ããçFw¢"ÀÐ¢&–çFVw&—G’#¢'6†S"ÔÕ6¥—¦5täôWt‡£×‡”ggvsg–§“äs7‡FV÷£cCEd6òõ%vç#ôtwB¶–36”¥G¥„WS5FDÓE6våeVÔtSdÓÒ"ÀÐ¢&FWb#¢G'VPÐ¢ÒÀÐ¢&æöFUöÖöGVÆW2÷w&Öç6’Ö6§2öæöFUöÖöGVÆW2÷7G&–ær×v–GF‚#¢°Ð¢'fW'6–öâ#¢#Bã"ã2"ÀÐ¢'&W6öÇfVB#¢&‡GG3¢ò÷&Vv—7G'’æçÖ§2æ÷&r÷7G&–ær×v–GF‚òÒ÷7G&–ær×v–GF‚ÓBã"ã2çFw¢"ÀÐ¢&–çFVw&—G’#¢'6†S"×t·•%¤£4—c$W%5¦Dw6¤Ô¥w6Võ$æ–„†‡Sdst¥dòó–¤”#eW–WdÂ·E‡T÷&æs†¢ö7„µEw•uWwe5G&–•§¢ösÓÒ"ÀÐ¢&FWb#¢G'VRÀÐ¢&FWVæFVæ6–W2#¢°Ð¢&VÖö¦’×&VvW‚#¢%ã‚ãã"ÀÐ¢&—2ÖgVÆÇv–GF‚Ö6öFR×ö–çB#¢%ã2ãã"ÀÐ¢'7G&—Öç6’#¢%ãbãã Ð¢ÒÀÐ¢&Væv–æW2#¢°Ð¢&æöFR#¢#ãÓ‚ Ð¢ÐÐ¢ÒÀÐ¢&æöFUöÖöGVÆW2÷w&Öç6’Ö6§2öæöFUöÖöGVÆW2÷7G&—Öç6’#¢°Ð¢'fW'6–öâ#¢#bãã"ÀÐ¢'&W6öÇfVB#¢&‡GG3¢ò÷&Vv—7G'’æçÖ§2æ÷&r÷7G&—Öç6’òÒ÷7G&—Öç6’ÓbããçFw¢"ÀÐ¢&–çFVw&—G’#¢'6†S"Õ“3…e4†7´g$7få—gU5†×WWcVõ„ô·vUCfw'#6ó4v3”Åfd¤&eU4ô6æ'„tu¤b²óöô“t·%UU7§EVESTÓÒ"ÀÐ¢&FWb#¢G'VRÀÐ¢&FWVæFVæ6–W2#¢°Ð¢&ç6’×&VvW‚#¢%ãRãã Ð¢ÒÀÐ¢&Væv–æW2#¢°Ð¢&æöFR#¢#ãÓ‚ Ð¢ÐÐ¢ÒÀÐ¢&æöFUöÖöGVÆW2÷w&Öç6’öæöFUöÖöGVÆW2öç6’×7G–ÆW2#¢°Ð¢'fW'6–öâ#¢#bã"ã"ÀÐ¢'&W6öÇfVB#¢&‡GG3¢ò÷&Vv—7G'’æçÖ§2æ÷&röç6’×7G–ÆW2òÒöç6’×7G–ÆW2Óbã"ãçFw¢"ÀÐ¢&–çFVw&—G’#¢'6†S"Ö$ãs“†tfe‚·f—s5#w—$uu'ç$ã&õ&´VµV¦¦ÃD¤æãDS„w‡†&§Ds4f'$T”•“6Ã‚ö‡'uWt–T5§f“ETõEDÔW%gVsÓÒ"ÀÐ¢&FWb#¢G'VRÀÐ¢&Væv–æW2#¢°Ð¢&æöFR#¢#ãÓ" Ð¢ÒÀÐ¢&gVæF–ær#¢°Ð¢'W&Â#¢&‡GG3¢òöv—F‡V"æ6öÒö6†Æ²öç6’×7G–ÆW3÷7öç6÷#Ó Ð¢ÐÐ¢ÒÀÐ¢&æöFUöÖöGVÆW2÷w2#¢°Ð¢'fW'6–öâ#¢#‚ã’ã"ÀÐ¢'&W6öÇfVB#¢&‡GG3¢ò÷&Vv—7G'’æçÖ§2æ÷&r÷w2òÒ÷w2Ó‚ã’ãçFw¢"ÀÐ¢&–çFVw&—G’#¢'6†S"Ö&ÄC&Ö¤ôT–“§§'T¦d–†#6ç3sE%uD7£–¦vÅtTWÃU…2õTæÖgS"÷&¤f´DF÷W#DÃcw'’³t”Åf•v¤FsÓÒ"ÀÐ¢&Æ–6Vç6R#¢$Ô•B"ÀÐ¢&Væv–æW2#¢°Ð¢&æöFR#¢#ãÓãã Ð¢ÒÀÐ¢'VW$FWVæFVæ6–W2#¢°Ð¢&'VffW'WF–Â#¢%ãBãã"ÀÐ¢'WFbÓ‚×fÆ–FFR#¢#ãÓRãã" Ð¢ÒÀÐ¢'VW$FWVæFVæ6–W4ÖWF#¢°Ð¢&'VffW'WF–Â#¢°Ð¢&÷F–öæÂ#¢G'VPÐ¢ÒÀÐ¢'WFbÓ‚×fÆ–FFR#¢°Ð¢&÷F–öæÂ#¢G'VPÐ¢ÐÐ¢ÐÐ¢ÒÀÐ¢&æöFUöÖöGVÆW2÷†ÖÂÖæÖR×fÆ–FF÷"#¢°Ð¢'fW'6–öâ#¢#Rãã"ÀÐ¢'&W6öÇfVB#¢&‡GG3¢ò÷&Vv—7G'’æçÖ§2æ÷&r÷†ÖÂÖæÖR×fÆ–FF÷"òÒ÷†ÖÂÖæÖR×fÆ–FF÷"ÓRããçFw¢"ÀÐ¢&–çFVw&—G’#¢'6†S"ÔWdt³„T£4F††f%&ÄUDõt3Wó”Õ¤•FVT„´§–#‡w–¥VeVVæ´–s$×dÄEE£EBõFt–6Ó4…SDd&uuv&ô£3T†sÓÒ"ÀÐ¢&FWb#¢G'VRÀÐ¢&Æ–6Vç6R#¢$6†RÓ"ã"ÀÐ¢&Væv–æW2#¢°Ð¢&æöFR#¢#ãÓ‚ Ð¢ÐÐ¢ÒÀÐ¢&æöFUöÖöGVÆW2÷†ÖÆ6†'2#¢°Ð¢'fW'6–öâ#¢#"ã"ã"ÀÐ¢'&W6öÇfVB#¢&‡GG3¢ò÷&Vv—7G'’æçÖ§2æ÷&r÷†ÖÆ6†'2òÒ÷†ÖÆ6†'2Ó"ã"ãçFw¢"ÀÐ¢&–çFVw&—G’#¢'6†S"Ô¥¦äD´³„#$4GsƒDdæDD—¤²´§T§r·3tÇ£†æ·4“u4—US5U„¤§6ÅWF‡6’·Ut%U”÷ugususu$Å&eT·†§F¤d7sÓÒ"ÀÐ¢&FWb#¢G'VRÀÐ¢&Æ–6Vç6R#¢$Ô•B Ð¢ÒÀÐ¢&æöFUöÖöGVÆW2÷–ÆÆ—7B#¢°Ð¢'fW'6–öâ#¢#2ãã"ÀÐ¢'&W6öÇfVB#¢&‡GG3¢ò÷&Vv—7G'’æçÖ§2æ÷&r÷–ÆÆ—7BòÒ÷–ÆÆ—7BÓ2ããçFw¢"ÀÐ¢&–çFVw&—G’#¢'6†S"ÖETuuƒS–Ôõ…U–äs&Wvæ53F“DcC5Gc4¦ôÒ·3%dDÕ3”ç4³„wDÔÇ$4…·4eCvƒ4³eDöõTæã'#u&õ‡ƒFsÓÒ"ÀÐ¢&FWb#¢G'VPÐ¢ÒÀÐ¢&æöFUöÖöGVÆW2÷–ÖÂ#¢°Ð¢'fW'6–öâ#¢#"ãRã"ÀÐ¢'&W6öÇfVB#¢&‡GG3¢ò÷&Vv—7G'’æçÖ§2æ÷&r÷–ÖÂòÒ÷–ÖÂÓ"ãRãçFw¢"ÀÐ¢&–çFVw&—G’#¢'6†S"Ö$Åö¦‚ôFu#—5¥'dc•%T„—…f…—g#S4öcwtv5vÄó&§gEVÄƒVÓƒtG6×VÄeg…'äÄöä“GD#gööƒ„Cv·ã•ÓÒ"ÀÐ¢&FWb#¢G'VRÀÐ¢&&–â#¢°Ð¢'–ÖÂ#¢&&–âæÖ§2 Ð¢ÒÀÐ¢&Væv–æW2#¢°Ð¢&æöFR#¢#ãÒB Ð¢ÐÐ¢ÒÀÐ¢&æöFUöÖöGVÆW2÷–ö7Fò×VWVR#¢°Ð¢'fW'6–öâ#¢#ãã"ÀÐ¢'&W6öÇfVB#¢&‡GG3¢ò÷&Vv—7G'’æçÖ§2æ÷&r÷–ö7Fò×VWVRòÒ÷–ö7Fò×VWVRÓããçFw¢"ÀÐ¢&–çFVw&—G’#¢'6†S"×%f·7g6ää6D¢öö„v3g†uw”ã†V†T7‡6”ÄÓ†×‡TR÷BöÔõg¦WuTóÖ”ÇD…•&uD´4ÆW„ÃDÖTefwG3t†Ôå£%ÓÒ"ÀÐ¢&FWb#¢G'VRÀÐ¢&Væv–æW2#¢°Ð¢&æöFR#¢#ãÓ Ð¢ÒÀÐ¢&gVæF–ær#¢°Ð¢'W&Â#¢&‡GG3¢òöv—F‡V"æ6öÒ÷7öç6÷'2÷6–æG&W6÷&‡W2 Ð¢ÐÐ¢ÐÐ¢ÐÐ§ÐÐ