version = 1
revision = 3
requires-python = ">=3.11"
resolution-markers = [
    "python_full_version >= '3.14' and sys_platform == 'win32'",
    "python_full_version >= '3.14' and sys_platform == 'emscripten'",
    "python_full_version >= '3.14' and sys_platform != 'emscripten' and sys_platform != 'win32'",
    "python_full_version >= '3.12' and python_full_version < '3.14' and sys_platform == 'win32'",
    "python_full_version >= '3.12' and python_full_version < '3.14' and sys_platform == 'emscripten'",
    "python_full_version >= '3.12' and python_full_version < '3.14' and sys_platform != 'emscripten' and sys_platform != 'win32'",
    "python_full_version < '3.12' and sys_platform == 'win32'",
    "python_full_version < '3.12' and sys_platform == 'emscripten'",
    "python_full_version < '3.12' and sys_platform != 'emscripten' and sys_platform != 'win32'",
]

[[package]]
name = "aiohappyeyeballs"
version = "2.7.1"
source = { registry = "https://pypi.org/simple" }
sdist = { url = "https://files.pythonhosted.org/packages/ce/f4/eec0465c2f67b2664688d0240b3212d5196fd89e741df67ddb81f8d35658/aiohappyeyeballs-2.7.1.tar.gz", hash = "sha256:065665c041c42a5938ed220bdcd7230f22527fbec085e1853d2402c8a3615d9d", size = 24757, upload-time = "2026-07-01T17:11:55.501Z" }
wheels = [
    { url = "https://files.pythonhosted.org/packages/71/43/1947f06babed6b3f1d7f38b0c767f52df66bfb2bc10b468c4a7de9eceff2/aiohappyeyeballs-2.7.1-py3-none-any.whl", hash = "sha256:9243213661e29250eb41368e5daa826fc017156c3b8a11440826b2e3ed376472", size = 15038, upload-time = "2026-07-01T17:11:54.055Z" },
]

[[package]]
name = "aiohttp"
version = "3.14.3"
source = { registry = "https://pypi.org/simple" }
dependencies = [
    { name = "aiohappyeyeballs" },
    { name = "aiosignal" },
    { name = "attrs" },
    { name = "frozenlist" },
    { name = "multidict" },
    { name = "propcache" },
    { name = "typing-extensions", marker = "python_full_version < '3.13'" },
    { name = "yarl" },
]
sdist = { url = "https://files.pythonhosted.org/packages/58/d9/22ce5786ac0c1653ae8b6c23bded02c1686d11f0dbb45b31ce128e0df985/aiohttp-3.14.3.tar.gz", hash = "sha256:9491196535a88924a60afd5b5f434b5b203b6cc616250878dbdb223a8f7844bc", size = 7971213, upload-time = "2026-07-23T01:57:27.037Z" }
wheels = [
    { url = "https://files.pythonhosted.org/packages/f8/5c/b3e4ff8ad43a8afef9602c5e90285936da1beaea8b029016b793891f03c3/aiohttp-3.14.3-cp311-cp311-macosx_10_9_universal2.whl", hash = "sha256:e568e14940c09955aa51f4e645b6daa18a581c5dcfcd73744dcc86a856e3ced3", size = 764250, upload-time = "2026-07-23T01:52:48.525Z" },
    { url = "https://files.pythonhosted.org/packages/0e/da/f1b384465e51449d844056b75070461da03a9a23e6c1747003695bf4172a/aiohttp-3.14.3-cp311-cp311-macosx_10_9_x86_64.whl", hash = "sha256:54cfcdee2770dac994417cbb0ee1f3eb0e7cb6b30c79bf44f2c02ff79ec5124a", size = 516281, upload-time = "2026-07-23T01:52:51.047Z" },
    { url = "https://files.pythonhosted.org/packages/b9/3f/01264f820ee2e3712a827892b1cd6ff80f3300c1fcbffbb45714a915d47a/aiohttp-3.14.3-cp311-cp311-macosx_11_0_arm64.whl", hash = "sha256:21c016079415ed3fd676963e9793700a566d85dbbd6bfc564b9b2d209147dcc8", size = 514742, upload-time = "2026-07-23T01:52:53.779Z" },
    { url = "https://files.pythonhosted.org/packages/9e/8d/a71c6f2db52ac1ed142b133f7feddaa6b70539c3f4de24d7e226c95b794c/aiohttp-3.14.3-cp311-cp311-manylinux2014_aarch64.manylinux_2_17_aarch64.manylinux_2_28_aarch64.whl", hash = "sha256:d6088ec9894113802bddb3c09e974929aed2c7b3a8c456219b8aab4481f1a239", size = 1780613, upload-time = "2026-07-23T01:52:56.948Z" },
    { url = "https://files.pythonhosted.org/packages/a5/11/3dd9b3fb3a170f6ec9011b5291d876a6fab4086714c9e158600edf01b4fd/aiohttp-3.14.3-cp311-cp311-manylinux2014_armv7l.manylinux_2_17_armv7l.manylinux_2_31_armv7l.whl", hash = "sha256:16ea7e24c309fb7c0bbd505d149abe4fe4dccfb8db911db7dbec0921bc889a6f", size = 1737688, upload-time = "2026-07-23T01:52:59.294Z" },
    { url = "https://files.pythonhosted.org/packages/6d/3e/834c26918be7d88068822b40e0db30fca50b5f4fe79104aa16a93f1d74e6/aiohttp-3.14.3-cp311-cp311-manylinux2014_ppc64le.manylinux_2_17_ppc64le.manylinux_2_28_ppc64le.whl", hash = "sha256:56f355e79f71aef2a85c80305cc915f894b170dba76de5fe84f6351939b83c06", size = 1845742, upload-time = "2026-07-23T01:53:01.641Z" },
    { url = "https://files.pythonhosted.org/packages/cc/c9/49ab8572df7d66bc13d11e31f781292badb04180dd87ba98733066c6aed7/aiohttp-3.14.3-cp311-cp311-manylinux2014_s390x.manylinux_2_17_s390x.manylinux_2_28_s390x.whl", hash = "sha256:18c441d0a8fca6de8d1f546849b9f0ab20d435993e2c5b59562b2fae6be2f929", size = 1928412, upload-time = "2026-07-23T01:53:04.018Z" },
    { url = "https://files.pythonhosted.org/packages/a5/b9/2b8f0c0ce09c87a1daf80fd483431b56b1435d3f62789bc86f572e1245de/aiohttp-3.14.3-cp311-cp311-manylinux2014_x86_64.manylinux_2_17_x86_64.manylinux_2_28_x86_64.whl", hash = "sha256:53e7b4ce82b54a8bcc71b3b67a5cbd177ca1d7f592cbc92cd38b7349f73482db", size = 1786220, upload-time = "2026-07-23T01:53:06.481Z" },
    { url = "https://files.pythonhosted.org/packages/85/00/9c45f81de11710460edfa1dc81317b6e882703b160926c879a9d20da9fcc/aiohttp-3.14.3-cp311-cp311-manylinux_2_31_riscv64.manylinux_2_39_riscv64.whl", hash = "sha256:f55119f7bf25f49ed210f6096090715da24f2943c62102448915fde3c62877ce", size = 1637231, upload-time = "2026-07-23T01:53:10.258Z" },
    { url = "https://files.pythonhosted.org/packages/19/ce/967d628e910756f3539c6107cb7844a1b69440dcb3029a5ee7871b09ab63/aiohttp-3.14.3-cp311-cp311-musllinux_1_2_aarch64.whl", hash = "sha256:9aa6e61fdf20105c4144e755bd586008ff450791d67b1c8146fdc15959c4d51c", size = 1753161, upload-time = "2026-07-23T01:53:13.817Z" },
    { url = "https://files.pythonhosted.org/packages/11/b2/0c3d4114f0aee4f580f5b3b4eb71b24d7a23b834ea506a4dfebe76513f35/aiohttp-3.14.3-cp311-cp311-musllinux_1_2_armv7l.whl", hash = "sha256:ccd4893707b3e2a13e39c90d43cf80edf2e4d0457935bcc103bf2346214c3f15", size = 1756356, upload-time = "2026-07-23T01:53:16.211Z" },
    { url = "https://files.pythonhosted.org/packages/63/5d/99e7d91c82f1399d1ae2a854e080bd1493fbc31e5e959dbc4ec33dac3bec/aiohttp-3.14.3-cp311-cp311-musllinux_1_2_ppc64le.whl", hash = "sha256:b2466434105a4e03113c36ec775cc2ebe6676b62eae326fa670bb607ef788c1c", size = 1819846, upload-time = "2026-07-23T01:53:18.289Z" },
    { url = "https://files.pythonhosted.org/packages/ad/05/d5e1cb6480eeffd3f901d40a2c5e2d1e7effdc797837da3b490272699f13/aiohttp-3.14.3-cp311-cp311-musllinux_1_2_riscv64.whl", hash = "sha256:ba59d59aba08ac02fc03b0c8983ccd5ee39a199d0552ce9e6d2b4845b34d59ae", size = 1628531, upload-time = "2026-07-23T01:53:23.86Z" },
    { url = "https://files.pythonhosted.org/packages/c9/90/b934682bcaefae18a9e04f3dff5b68522ba810906358ae5029b68110ea3b/aiohttp-3.14.3-cp311-cp311-musllinux_1_2_s390x.whl", hash = "sha256:ed099d105449c4f9e84f24af203cd131349d4761d8813fa7e02c32e7128cd910", size = 1832712, upload-time = "2026-07-23T01:53:27.551Z" },
    { url = "https://files.pythonhosted.org/packages/21/df/6061679faaf81fac746e7307c7adb71e858071a5d34c27583afefc64f543/aiohttp-3.14.3-cp311-cp311-musllinux_1_2_x86_64.whl", hash = "sha256:152516815ef926786a0b6ae2b8f1fd2e0c71582dee0b435636865316fd4891b7", size = 1775014, upload-time = "2026-07-23T01:53:30.223Z" },
    { url = "https://files.pythonhosted.org/packages/8a/1d/f854878bbc69b88faefe924b619a34a6f59ec05fd387c77690667eaa75eb/aiohttp-3.14.3-cp311-cp311-win32.whl", hash = "sha256:a4af35c443e0b1a1bd6a8af3f3485d7fda15c142751a00f3ff8090f0b93346fa", size = 456006, upload-time = "2026-07-23T01:53:34.97Z" },
    { url = "https://files.pythonhosted.org/packages/73/0c/2af9d1674baccd1dbd47282a93d660a22e57ef6167c856deb24b4214fbab/aiohttp-3.14.3-cp311-cp311-win_amd64.whl", hash = "sha256:e1e74298bab6ee0d6e749ed4fd1901c7e604bdda32c03d787a2cc71c46d0433d", size = 481069, upload-time = "2026-07-23T01:53:39.673Z" },
    { url = "https://files.pythonhosted.org/packages/8e/76/88401ff3fc95e85c5fc38d588f36f55e61ecb64343b2bc8d69326f453cc0/aiohttp-3.14.3-cp311-cp311-win_arm64.whl", hash = "sha256:03cd2bde3d7f085b64e549c985f4bb928cad7e8ecf5323bfca320db548d81b39", size = 453021, upload-time = "2026-07-23T01:53:43.749Z" },
    { url = "https://files.pythonhosted.org/packages/18/d4/eb96299230e20acf2efae207cb8d69051f1f68e357e5ea5e479bf6fb097a/aiohttp-3.14.3-cp312-cp312-macosx_10_13_universal2.whl", hash = "sha256:39aded8c7f3b935b54aab1d8d73c70ec0ee2d3ec3b943e0e86611bc150ba47f5", size = 754690, upload-time = "2026-07-23T01:53:47.332Z" },
    { url = "https://files.pythonhosted.org/packages/88/11/e7a70a209eb9a067c0d3212b518a0134e3484f5178c7533878b6b514d469/aiohttp-3.14.3-cp312-cp312-macosx_10_13_x86_64.whl", hash = "sha256:5bcb6ff3fdab1258a192679ff1a05d44f59626430aa05cd1a9d2447423599228", size = 509484, upload-time = "2026-07-23T01:53:51.159Z" },
    { url = "https://files.pythonhosted.org/packages/30/07/4bbc222cc8dbe31d4c3e8a5baad2286e4d42026ac0c570027b89afce6344/aiohttp-3.14.3-cp312-cp312-macosx_11_0_arm64.whl", ha}uó^u¶‰žËkºwµçcc#†fV6&#sCV3“s#3ScCSc6–#SsvC#FFV3sV#†#ƒCb"Â6—¦RÒSsƒÂWÆöB×F–ÖRÒ###bÓrÓ#C#£c£’ãS“•¢"ÒÀ¢²W&ÂÒ&‡GG3¢òöf–ÆW2ç—F†öæ†÷7FVBæ÷&r÷6¶vW2óS‚óƒbóc“CccFSCsCsC33vS33S–cS#&6c6C&cƒ#Vcc“C3v#s†&f&s†3c"÷–&ÂÓã#BãRÖ732Ö732ÖÖç–Æ–çWƒ#E÷33“‚æÖç–Æ–çW…ó%óu÷33“‚æÖç–Æ–çW…ó%ó#…÷33“‚çv†Â"Â†6‚Ò'6†#Sc¦f6C6#svS&cv&&SF6SfV3v&6#s““#cCvC–C#–3VCƒCƒƒfF6Cfc–V#ƒfB"Â6—¦RÒS3‚ÂWÆöB×F–ÖRÒ###bÓrÓ#C#£c£ã3S%¢"ÒÀ¢²W&ÂÒ&‡GG3¢òöf–ÆW2ç—F†öæ†÷7FVBæ÷&r÷6¶vW2óóC2ó†SSVSsS3†&Vc#†66#63ƒCV3fFCCSC–6csfCS““&SS3#cS#S“v6FB÷–&ÂÓã#BãRÖ732Ö732ÖÖç–Æ–çWƒ#E÷ƒƒeócBæÖç–Æ–çW…ó%óu÷ƒƒeócBæÖç–Æ–çW…ó%ó#…÷ƒƒeócBçv†Â"Â†6‚Ò'6†#Sc¦CCf#ƒcScvFCFS#C†3f3S–f6&6F66SSV3†v6C#33FffcsS–CfsV#b"Â6—¦RÒSsBÂWÆöB×F–ÖRÒ###bÓrÓ#C#£c£2ã#•¢"ÒÀ¢²W&ÂÒ&‡GG3¢òöf–ÆW2ç—F†öæ†÷7FVBæ÷&r÷6¶vW2ö6Rö&öƒƒ–V3ƒscV6VF6c&3CFF6#&Cf#SCƒc3“–##C6##c63Vc&FFS#vVSsC÷–&ÂÓã#BãRÖ732Ö732ÖÖç–Æ–çW…ó%ó3÷&—67ccBæÖç–Æ–çW…ó%ó3•÷&—67ccBçv†Â"Â†6‚Ò'6†#Sc£vcs&3sF““3S–S#v&VS†Ccc6fVf#†#Vcsf“ƒ63ƒ3sFFf3&F#Cc#2"Â6—¦RÒ““BÂWÆöB×F–ÖRÒ###bÓrÓ#C#£c£Rã#C5¢"ÒÀ¢²W&ÂÒ&‡GG3¢òöf–ÆW2ç—F†öæ†÷7FVBæ÷&r÷6¶vW2ó–2ö32öSCVcƒ#ccv#s“3&F&&SF–cC3vC36c†C3ƒccSFV36cCv&Ff#VB÷–&ÂÓã#BãRÖ732Ö732Ö×W6ÆÆ–çW…óó%ö&6ƒcBçv†Â"Â†6‚Ò'6†#Sc£6cCSsƒ–6SCVvV3ƒ#F3Fcƒ#“#Vc–#Vcss3#s&SFV3cVc#6V33ƒC3V#B"Â6—¦RÒss"ÂWÆöB×F–ÖRÒ###bÓrÓ#C#£c£rãCC5¢"ÒÀ¢²W&ÂÒ&‡GG3¢òöf–ÆW2ç—F†öæ†÷7FVBæ÷&r÷6¶vW2ó"óó&#cC&3“ƒSvf6#C“&fccCv#CSC#S6C#C##–c#3###“S†63Sƒ3"÷–&ÂÓã#BãRÖ732Ö732Ö×W6ÆÆ–çW…óó%ö&×cvÂçv†Â"Â†6‚Ò'6†#Sc£fSs6SvfS“6cvv#“cS&V3–F–FC†3f†fSs3VV6&C6#“vC3s#6&fc3ƒR"Â6—¦RÒC#SÂWÆöB×F–ÖRÒ###bÓrÓ#C#£c£’ã#S•¢"ÒÀ¢²W&ÂÒ&‡GG3¢òöf–ÆW2ç—F†öæ†÷7FVBæ÷&r÷6¶vW2óvósós–C–#ƒfS“†c&3vfC†SFSf6FcS†#V3S3CƒvFCvS&c63&f#Sscs#r÷–&ÂÓã#BãRÖ732Ö732Ö×W6ÆÆ–çW…óó%÷3cFÆRçv†Â"Â†6‚Ò'6†#Sc£F3fc–&V6FCF3V3S&#36S“CƒC#†#s#F6f3ƒ“CF3fc6S#ƒ#“V3S––2"Â6—¦RÒS3’ÂWÆöB×F–ÖRÒ###bÓrÓ#C#£c£#ã#u¢"ÒÀ¢²W&ÂÒ&‡GG3¢òöf–ÆW2ç—F†öæ†÷7FVBæ÷&r÷6¶vW2óV2óf2ó6VSSC#““fSƒF6f3Cƒ6fc“ƒcC“##c“s†c“c66VfF&V3“–C–"÷–&ÂÓã#BãRÖ732Ö732Ö×W6ÆÆ–çW…óó%÷&—67ccBçv†Â"Â†6‚Ò'6†#Sc£v&6&Sf6cƒSVScv#f#sC“ƒVFcsc3ScƒCF3sc–Cv#C†f6C“–cs“3B"Â6—¦RÒ“c2ÂWÆöB×F–ÖRÒ###bÓrÓ#C#£c£#2ãe¢"ÒÀ¢²W&ÂÒ&‡GG3¢òöf–ÆW2ç—F†öæ†÷7FVBæ÷&r÷6¶vW2ö&"ócBósFf6Scf33#63CFCCsSCvs3S3ƒF3Ssc#33†3†&#VSF#“63C‚÷–&ÂÓã#BãRÖ732Ö732Ö×W6ÆÆ–çW…óó%÷33“‚çv†Â"Â†6‚Ò'6†#Sc£#FSƒcS“c3SFFF6#““f#ƒvccc3FSvCC#fcƒ#s–c3CsV6CsCCB"Â6—¦RÒSC3RÂWÆöB×F–ÖRÒ###bÓrÓ#C#£c£#Bã“#5¢"ÒÀ¢²W&ÂÒ&‡GG3¢òöf–ÆW2ç—F†öæ†÷7FVBæ÷&r÷6¶vW2ö6böc2ó–#–CSfCƒF&VƒSV#&“–SF&F3sSV#ƒffCƒ6SC–V3ƒfFfSC&c#f&VfFVb÷–&ÂÓã#BãRÖ732Ö732Ö×W6ÆÆ–çW…óó%÷ƒƒeócBçv†Â"Â†6‚Ò'6†#Sc£“33V“–Cƒs#ƒv33vfSVC“ƒ&fc3“&fVVfSVCF#Cs3#V3CfC3ƒ&#B"Â6—¦RÒc“ÂWÆöB×F–ÖRÒ###bÓrÓ#C#£c£#bã“s5¢"ÒÀ¢²W&ÂÒ&‡GG3¢òöf–ÆW2ç—F†öæ†÷7FVBæ÷&r÷6¶vW2óƒböSBóc&f#vSƒv3C#Cf3sf#v3&F3fc“s&V#F6f3“F&#vSs#&CffF#÷–&ÂÓã#BãRÖ732Ö732×v–åöÖCcBçv†Â"Â†6‚Ò'6†#Sc£&F&Sff3f&3“S&&6s3sC##ƒ&SSs#“ƒcS#sv36#33SF#C“#“sC"Â6—¦RÒ“sCSBÂWÆöB×F–ÖRÒ###bÓrÓ#C#£c£#’ãc5¢"ÒÀ¢²W&ÂÒ&‡GG3¢òöf–ÆW2ç—F†öæ†÷7FVBæ÷&r÷6¶vW2ó–Rö3’óVf3ƒ#V#3†#F#C6#cSf&CC“V3SSvsS†FcC#3sScƒcc3#–2÷–&ÂÓã#BãRÖ732Ö732×v–åö&ÓcBçv†Â"Â†6‚Ò'6†#Sc£f#ƒS3cƒSc–ccVSvc3vCC–&vc&&SffS&3SSS3cvf3–cSC–cƒC#C"Â6—¦RÒ“#ƒ2ÂWÆöB×F–ÖRÒ###bÓrÓ#C#£c£3ã5¢"ÒÀ¢²W&ÂÒ&‡GG3¢òöf–ÆW2ç—F†öæ†÷7FVBæ÷&r÷6¶vW2ö’ó‚óVc3ƒVfVc“ScC#ssFF#–FCƒSs6FSs“V&3ƒ&6FScvC#fs#3FSc’÷–&ÂÓã#BãRÖ73BÖ73BÖÖ6÷7…óóU÷Væ—fW'6Ã"çv†Â"Â†6‚Ò'6†#Sc£#s#–f6f3FcfS“ff#3Sc3#“C“3csssF3#“f3ƒvScS“†3&Vfsb"Â6—¦RÒ3ScƒÂWÆöB×F–ÖRÒ###bÓrÓ#C#£c£32ã#s5¢"ÒÀ¢²W&ÂÒ&‡GG3¢òöf–ÆW2ç—F†öæ†÷7FVBæ÷&r÷6¶vW2ó“‚ó3Rö&“C3fSSs–&CC†ƒƒc##CƒC&C–#C““F3#fSF3vFC6F3c&6#Sv–R÷–&ÂÓã#BãRÖ73BÖ73BÖÖ6÷7…óóU÷ƒƒeócBçv†Â"Â†6‚Ò'6†#Sc¦fc33C633F#FV#f#Cs–S#–C&C#CvvV6C3–6fC–V3““6V6SSs3“f&V3B"Â6—¦RÒ“s3“RÂWÆöB×F–ÖRÒ###bÓrÓ#C#£c£3Rã#S•¢"ÒÀ¢²W&ÂÒ&‡GG3¢òöf–ÆW2ç—F†öæ†÷7FVBæ÷&r÷6¶vW2ó‚ö’övcsfc63CFS&##V63sC6cVVc“6VVc#vcs6VF6ssCS#ff66#VF"÷–&ÂÓã#BãRÖ73BÖ73BÖÖ6÷7…óóö&ÓcBçv†Â"Â†6‚Ò'6†#Sc¦SC&CsSƒc#s3VF“Svf3Vv##6F#3“sfcs3s6SF#63“ssv–#ccVS–6&fcsR"Â6—¦RÒ“s##2ÂWÆöB×F–ÖRÒ###bÓrÓ#C#£c£3rã#e¢"ÒÀ¢²W&ÂÒ&‡GG3¢òöf–ÆW2ç—F†öæ†÷7FVBæ÷&r÷6¶vW2ósröcrö–CffvFC–S3ƒ†c“V#3cfC6V3FS#ƒVcf3†cccCF6Scs36f6fSCB÷–&ÂÓã#BãRÖ73BÖ73BÖÖç–Æ–çWƒ#Eö&6ƒcBæÖç–Æ–çW…ó%óuö&6ƒcBæÖç–Æ–çW…ó%ó#…ö&6ƒcBçv†Â"Â†6‚Ò'6†#Sc¦3s3&SccC3c6Ss#S†F–Vfc–6S–C#ƒCffFSSfSCVC3cS3“6C6Sf6C36S’"Â6—¦RÒƒssrÂWÆöB×F–ÖRÒ###bÓrÓ#C#£c£3’ã#“%¢"ÒÀ¢²W&ÂÒ&‡GG3¢òöf–ÆW2ç—F†öæ†÷7FVBæ÷&r÷6¶vW2ó&bóCBöS#ƒf33#Csf&Cfc#ƒ†V6c&3S&#ƒC&#c#CsƒsƒC–CF&c&6F#Ccfcfb÷–&ÂÓã#BãRÖ73BÖ73BÖÖç–Æ–çWƒ#Eö&×cvÂæÖç–Æ–çW…ó%óuö&×cvÂæÖç–Æ–çW…ó%ó3ö&×cvÂçv†Â"Â†6‚Ò'6†#Sc£V#†VSS6&SCC6ff3““#v&S3SvSS3##SC†F&Sv3ƒ“&Fcƒƒ#&f6SVVFR"Â6—¦RÒ3’ÂWÆöB×F–ÖRÒ###bÓrÓ#C#£c£CãCSe¢"ÒÀ¢²W&ÂÒ&‡GG3¢òöf–ÆW2ç—F†öæ†÷7FVBæ÷&r÷6¶vW2öCóbó–3fCƒ&c†fc##3##VV#SS#CSƒsfcSS3&#sS3“ƒ†ScV3SfB÷–&ÂÓã#BãRÖ73BÖ73BÖÖç–Æ–çWƒ#E÷3cFÆRæÖç–Æ–çW…ó%óu÷3cFÆRæÖç–Æ–çW…ó%ó#…÷3cFÆRçv†Â"Â†6‚Ò'6†#Sc¦c6VfcSVF#Sƒc“C“f“vScS##“3ƒcƒS“–63S“V6&sS&3fVfF6"Â6—¦RÒcCsÂWÆöB×F–ÖRÒ###bÓrÓ#C#£c£C2ãc“e¢"ÒÀ¢²W&ÂÒ&‡GG3¢òöf–ÆW2ç—F†öæ†÷7FVBæ÷&r÷6¶vW2öC"ó†Bö##–#–Fc#†&6S“V6f&FCCC&cv6Scc–Cfc“s–33““sSc“sCVS363R÷–&ÂÓã#BãRÖ73BÖ73BÖÖç–Æ–çWƒ#E÷33“‚æÖç–Æ–çW…ó%óu÷33“‚æÖç–Æ–çW…ó%ó#…÷33“‚çv†Â"Â†6‚Ò'6†#Sc£###“cƒs&FcFv6FS“vC#s&3“fVv63S##VC3V6cCcFcc“FCƒs#r"Â6—¦RÒS“sBÂWÆöB×F–ÖRÒ###bÓrÓ#C#£c£CRãƒsE¢"ÒÀ¢²W&ÂÒ&‡GG3¢òöf–ÆW2ç—F†öæ†÷7FVBæ÷&r÷6¶vW2ó–"öS‚öc#SSv6#CCƒ†Sc“ƒSCVS“sScƒ#C“F&#3ScV3FC#V3ccƒ&"÷–&ÂÓã#BãRÖ73BÖ73BÖÖç–Æ–çWƒ#E÷ƒƒeócBæÖç–Æ–çW…ó%óu÷ƒƒeócBæÖç–Æ–çW…ó%ó#…÷ƒƒeócBçv†Â"Â†6‚Ò'6†#Sc£ccCV#c3CVCCcsS“3F#C–&fsf#3&cV#3VcC&CC“vCcC3f&V&S’"Â6—¦RÒƒ3ÂWÆöB×F–ÖRÒ###bÓrÓ#C#£c£CrãƒS%¢"ÒÀ¢²W&ÂÒ&‡GG3¢òöf–ÆW2ç—F†öæ†÷7FVBæ÷&r÷6¶vW2öF"ó‚ó“–#ƒS–S6VV6cFVS–3–66##ƒ#ƒvS†SF#63–##†cS3ScV66S÷–&ÂÓã#BãRÖ73BÖ73BÖÖç–Æ–çW…ó%ó3÷&—67ccBæÖç–Æ–çW…ó%ó3•÷&—67ccBçv†Â"Â†6‚Ò'6†#Sc£Fcv#vS&Sc–&VSƒ#s3VfSfF6f33ƒƒs–Ff3fCc&Ssƒ–CS6&C3&CffC"Â6—¦RÒSBÂWÆöB×F–ÖRÒ###bÓrÓ#C#£c£C’ãƒE¢"ÒÀ¢²W&ÂÒ&‡GG3¢òöf–ÆW2ç—F†öæ†÷7FVBæ÷&r÷6¶vW2öó&böVC#ƒCvc†6CvcC†3C“3cv3“s6#3SSS#ƒF#cVfSfc6SSc†Fs“R÷–&ÂÓã#BãRÖ73BÖ73BÖ×W6ÆÆ–çW…óó%ö&6ƒcBçv†Â"Â†6‚Ò'6†#Sc¦f3“ƒsVfc“†#“vF3#66fFffcƒ“CCC&c#Sƒv##ƒ&SV3Vc3s2"Â6—¦RÒƒ3"ÂWÆöB×F–ÖRÒ###bÓrÓ#C#£c£Sãƒ3U¢"ÒÀ¢²W&ÂÒ&‡GG3¢òöf–ÆW2ç—F†öæ†÷7FVBæ÷&r÷6¶vW2ö3Rö3RóSVSfSV3##v6V†Fc3cƒs&SvCcF3C#C3Cf3Ss#–6c&&C–3R÷–&ÂÓã#BãRÖ73BÖ73BÖ×W6ÆÆ–çW…óó%ö&×cvÂçv†Â"Â†6‚Ò'6†#Sc£SVf3CVSƒcF#“#s#–3scS&C&3v&VcccCvSsF&6sVfƒFCcf#–fc3b"Â6—¦RÒ3cc"ÂWÆöB×F–ÖRÒ###bÓrÓ#C#£c£SBãc¢"ÒÀ¢²W&ÂÒ&‡GG3¢òöf–ÆW2ç—F†öæ†÷7FVBæ÷&r÷6¶vW2ó†BöVöF&Cv3&6V3CS–3–C#fc†##cƒ†V6&f#Sƒc#Ccf3C#&C#Csc–f&c†"÷–&ÂÓã#BãRÖ73BÖ73BÖ×W6ÆÆ–çW…óó%÷3cFÆRçv†Â"Â†6‚Ò'6†#Sc¦cSCcfVCsSfS–CCS–ƒ–VF&3f3#SƒV3#fV&FS–f†ƒ“CsSS#Cc†vfVc"Â6—¦RÒc“ÂWÆöB×F–ÖRÒ###bÓrÓ#C#£c£SbãU¢"ÒÀ¢²W&ÂÒ&‡GG3¢òöf–ÆW2ç—F†öæ†÷7FVBæ÷&r÷6¶vW2óbóƒBó3–6SF6S3S–SvfV6SVf&F&VS†3CS3Cfc–6“6S–fVcƒSC†#fb÷–&ÂÓã#BãRÖ73BÖ73BÖ×W6ÆÆ–çW…óó%÷&—67ccBçv†Â"Â†6‚Ò'6†#Sc¦cCCsFSƒV#vSSC““†V3SƒS3v6F“–##–S#ƒ&fSSsSfCƒ““ƒ–#C63R"Â6—¦RÒ“S#2ÂWÆöB×F–ÖRÒ###bÓrÓ#C#£c£Srã“#e¢"ÒÀ¢²W&ÂÒ&‡GG3¢òöf–ÆW2ç—F†öæ†÷7FVBæ÷&r÷6¶vW2ö’ó†"ósfcCC3v#CV3cFssƒƒsScc–3#C–cSvsCcF#s†36f6&VSS3–C’÷–&ÂÓã#BãRÖ73BÖ73BÖ×W6ÆÆ–çW…óó%÷33“‚çv†Â"Â†6‚Ò'6†#Sc¦S#“3Vc†33–S6#6Sƒ3S“#“&Cs†csSƒ““s†c6cFF3VsƒCF3v3†S&6&R"Â6—¦RÒcƒBÂWÆöB×F–ÖRÒ###bÓrÓ#C#£c£S’ãƒc…¢"ÒÀ¢²W&ÂÒ&‡GG3¢òöf–ÆW2ç—F†öæ†÷7FVBæ÷&r÷6¶vW2óc"ö3óC#3s†fFCCC&Sƒc&3cffC“svff3“3sƒ63&&VS“CcƒS“#6&3ƒ–R÷–&ÂÓã#BãRÖ73BÖ73BÖ×W6ÆÆ–çW…óó%÷ƒƒeócBçv†Â"Â†6‚Ò'6†#Sc£–C#fvcfcssƒ3ccvF&3Scƒv3V#s†Csf3636c†f3sƒ†csƒV&#cScV3B"Â6—¦RÒbÂWÆöB×F–ÖRÒ###bÓrÓ#C#£s£ã“u¢"ÒÀ¢²W&ÂÒ&‡GG3¢òöf–ÆW2ç—F†öæ†÷7FVBæ÷&r÷6¶vW2ö6bóS"ófF&VS–C“VSV3“†#ƒ#†c†Fc“V#c“&V#C#6##sF#†6c†F#S#S&fC#b÷–&ÂÓã#BãRÖ73BÖ73B×v–åöÖCcBçv†Â"Â†6‚Ò'6†#Sc£V&Fcs†Fc&&63–cscFF##f†FcSC–3“CSƒ#S““66#S&&cƒ6B"Â6—¦RÒ““#RÂWÆöB×F–ÖRÒ###bÓrÓ#C#£s£2ãƒS%¢"ÒÀ¢²W&ÂÒ&‡GG3¢òöf–ÆW2ç—F†öæ†÷7FVBæ÷&r÷6¶vW2öV2óRóCcFƒCvCs3S–SFsVFC–f3V3C3VCS–V3SVc†Scf633#–fc6C÷–&ÂÓã#BãRÖ73BÖ73B×v–åö&ÓcBçv†Â"Â†6‚Ò'6†#Sc£–SFSf3s6Csv3V6c#sc#f3S#FC&S#cC#SCc“3&##csccFCVFFS#6S#fb"Â6—¦RÒ“CScbÂWÆöB×F–ÖRÒ###bÓrÓ#C#£s£bãsE¢"ÒÀ¢²W&ÂÒ&‡GG3¢òöf–ÆW2ç—F†öæ†÷7FVBæ÷&r÷6¶vW2öS"óSRöS663CCCcss#cc&333VSƒfSCVc3SFCCƒ3†fCcCS3VVS36#C“2÷–&ÂÓã#BãRÖ73BÖ73GBÖÖ6÷7…óóU÷Væ—fW'6Ã"çv†Â"Â†6‚Ò'6†#Sc¦SSSC†–C“F6sƒ“–CCvv3ƒ#f&&63c#3–C66S–S–cSsƒƒf#†F3ƒ‚"Â6—¦RÒC#S32ÂWÆöB×F–ÖRÒ###bÓrÓ#C#£s£‚ã#ƒE¢"ÒÀ¢²W&ÂÒ&‡GG3¢òöf–ÆW2ç—F†öæ†÷7FVBæ÷&r÷6¶vW2öRósóF6C6f3v6cC3CV6F#3#ccVV6C#“vcc&33cV#FcF6vCFc3sssV6c’÷–&ÂÓã#BãRÖ73BÖ73GBÖÖ6÷7…óóU÷ƒƒeócBçv†Â"Â†6‚Ò'6†#Sc¦fcCVC“S–Cƒ†S†CCC#–6Cƒv#†Cs6Cc3V&Cv&363Ccs“&#fS&6&"Â6—¦RÒssbÂWÆöB×F–ÖRÒ###bÓrÓ#C#£s£ã“u¢"ÒÀ¢²W&ÂÒ&‡GG3¢òöf–ÆW2ç—F†öæ†÷7FVBæ÷&r÷6¶vW2öfbó"ö6f#sf#vfS““cƒfF##cF&fcƒ#“ss–S3–C“#6SsScFffCvVc†Ff3SF33ssB÷–&ÂÓã#BãRÖ73BÖ73GBÖÖ6÷7…óóö&ÓcBçv†Â"Â†6‚Ò'6†#Sc£CvS“†#–C†Cƒ&fccƒ&Sv##VFFVC36&c3†3&#ƒvf6cvf6##v#&Cv3C#“#‚"Â6—¦RÒ“2ÂWÆöB×F–ÖRÒ###bÓrÓ#C#£s£"ã3Su¢"ÒÀ¢²W&ÂÒ&‡GG3¢òöf–ÆW2ç—F†öæ†÷7FVBæ÷&r÷6¶vW2ó†"ó6bósfSsƒ#““&&&CFf#c“CƒCƒ†V3s#sƒƒ“VS“#–#3sƒ#“s3–Sƒ3“ff6R÷–&ÂÓã#BãRÖ73BÖ73GBÖÖç–Æ–çWƒ#Eö&6ƒcBæÖç–Æ–çW…ó%óuö&6ƒcBæÖç–Æ–çW…ó%ó#…ö&6ƒcBçv†Â"Â†6‚Ò'6†#Sc¦ccS†fC6ffVSV3fcc63S†c6SsƒV3†3C63“6f&3&&c–c&#ccc6cƒƒVS“sb"Â6—¦RÒcSrÂWÆöB×F–ÖRÒ###bÓrÓ#C#£s£Bãs5¢"ÒÀ¢²W&ÂÒ&‡GG3¢òöf–ÆW2ç—F†öæ†÷7FVBæ÷&r÷6¶vW2ó32ó“öCFC&Cs6VSsƒ##–63ƒƒ“ƒs&V#†SƒVC†cV3fcS&F#sƒC–fC–##66csFfB÷–&ÂÓã#BãRÖ73BÖ73GBÖÖç–Æ–çWƒ#Eö&×cvÂæÖç–Æ–çW…ó%óuö&×cvÂæÖç–Æ–çW…ó%ó3ö&×cvÂçv†Â"Â†6‚Ò'6†#Sc£C3ssCs663Ssss6cCFC†FFCc3S†fVcc“Cv3&“##&C66c†C–SF3“R"Â6—¦RÒ““#’ÂWÆöB×F–ÖRÒ###bÓrÓ#C#£s£bã•¢"ÒÀ¢²W&ÂÒ&‡GG3¢òöf–ÆW2ç—F†öæ†÷7FVBæ÷&r÷6¶vW2ó6RöföfFc–&66CcCFVV3&VSFfcC#ssCc##&6V3C3S33fCc#ƒSƒS#6V3÷–&ÂÓã#BãRÖ73BÖ73GBÖÖç–Æ–çWƒ#E÷3cFÆRæÖç–Æ–çW…ó%óu÷3cFÆRæÖç–Æ–çW…ó%ó#…÷3cFÆRçv†Â"Â†6‚Ò'6†#Sc£v3C“F33SCc##fSs“Cv–3–#s†3CFSF3sƒScFfvS“cSSSvVC–&2"Â6—¦RÒƒBÂWÆöB×F–ÖRÒ###bÓrÓ#C#£s£‚ãC¢"ÒÀ¢²W&ÂÒ&‡GG3¢òöf–ÆW2ç—F†öæ†÷7FVBæ÷&r÷6¶vW2ó†ó–Róv#&cF&63#S“CCsSfFC&#3FCcsC–FcsS“#VVSvC–ƒFffS3B÷–&ÂÓã#BãRÖ73BÖ73GBÖÖç–Æ–çWƒ#E÷33“‚æÖç–Æ–çW…ó%óu÷33“‚æÖç–Æ–çW…ó%ó#…÷33“‚çv†Â"Â†6‚Ò'6†#Sc¦v6fcCsF#v6CC“scV&#sƒF6cfCs†#3&S†S#Cs6f#v&Fƒc&6S“†#S†S–F"Â6—¦RÒ“C2ÂWÆöB×F–ÖRÒ###bÓrÓ#C#£s£#ãe¢"ÒÀ¢²W&ÂÒ&‡GG3¢òöf–ÆW2ç—F†öæ†÷7FVBæ÷&r÷6¶vW2ó‚öfbó#&3“&ff#c–#c#66sS6C#vC“c†#Sc#V#ƒc†c&3c3s†CC–CSVS#CscC2÷–&ÂÓã#BãRÖ73BÖ73GBÖÖç–Æ–çWƒ#E÷ƒƒeócBæÖç–Æ–çW…ó%óu÷ƒƒeócBæÖç–Æ–çW…ó%ó#…÷ƒƒeócBçv†Â"Â†6‚Ò'6†#Sc¦6&#ƒ36666F#SS–Vfc–#†#sVSc†63#ƒ3ƒs†SsvS#ƒƒssVCsv36&6VCƒS†"Â6—¦RÒƒ#SÂWÆöB×F–ÖRÒ###bÓrÓ#C#£s£#"ã#u¢"ÒÀ¢²W&ÂÒ&‡GG3¢òöf–ÆW2ç—F†öæ†÷7FVBæ÷&r÷6¶vW2óCRóCBóSsc–#“c#“†3S“Vf#C#““v#c“c&ƒCV6cS–3sc3SS†&CCb÷–&ÂÓã#BãRÖ73BÖ73GBÖÖç–Æ–çW…ó%ó3÷&—67ccBæÖç–Æ–çW…ó%ó3•÷&—67ccBçv†Â"Â†6‚Ò'6†#Sc£ƒ&csVSS“&SƒF#vfSSssVC–3S–FS66#3S&#“#ƒ33c&V#c–#&ScSF36Sc"Â6—¦RÒc#RÂWÆöB×F–ÖRÒ###bÓrÓ#C#£s£#Bãƒ5¢"ÒÀ¢²W&ÂÒ&‡GG3¢òöf–ÆW2ç—F†öæ†÷7FVBæ÷&r÷6¶vW2óF2óCó–S†Ss“fC“sc&3SScvSc“#C†6#FcC“cCS“vScƒƒsF3fFC†&#s“‚÷–&ÂÓã#BãRÖ73BÖ73GBÖ×W6ÆÆ–çW…óó%ö&6ƒcBçv†Â"Â†6‚Ò'6†#Sc£f&cS#ƒ#S“cS33#SvSc“CF&336Ss3S“6#3f63V#CSf3F3#“#C“‚"Â6—¦RÒcSs2ÂWÆöB×F–ÖRÒ###bÓrÓ#C#£s£#bã#C…¢"ÒÀ¢²W&ÂÒ&‡GG3¢òöf–ÆW2ç—F†öæ†÷7FVBæ÷&r÷6¶vW2ó#ö3bö#sCƒSs†c†ƒ“Cfc3fCfFcSCvV6V3sFc–&c–C&FScc†fc36&b÷–&ÂÓã#BãRÖ73BÖ73GBÖ×W6ÆÆ–çW…óó%ö&×cvÂçv†Â"Â†6‚Ò'6†#Sc¦ff6CSC3c#ScFF33f#sFC†#†fSVf#V&CVS#s#cfF36#sC#v#f3“B"Â6—¦RÒsSÂWÆöB×F–ÖRÒ###bÓrÓ#C#£s£#‚ã“…¢"ÒÀ¢²W&ÂÒ&‡GG3¢òöf–ÆW2ç—F†öæ†÷7FVBæ÷&r÷6¶vW2öCBó#róCCsfc33c#“C†3V6c#VS“cS–6&C3S#“–CƒFC3#S†CSvcS“sv&#÷–&ÂÓã#BãRÖ73BÖ73GBÖ×W6ÆÆ–çW…óó%÷3cFÆRçv†Â"Â†6‚Ò'6†#Sc£CcVV3†6VF3#3C–#“vf#S“V6ScCƒFS3fSƒ3–V6Cc#fc3†#ƒ3SS33"Â6—¦RÒcC2ÂWÆöB×F–ÖRÒ###bÓrÓ#C#£s£3ãƒ…¢"ÒÀ¢²W&ÂÒ&‡GG3¢òöf–ÆW2ç—F†öæ†÷7FVBæ÷&r÷6¶vW2óF2óF"óV6FC6SVVS“CFS†c3SS&cf6C6C6cVfCv#“3vS3f66&&&&3–ffV&VFS“R÷–&ÂÓã#BãRÖ73BÖ73GBÖ×W6ÆÆ–çW…óó%÷&—67ccBçv†Â"Â†6‚Ò'6†#Sc£FF#–V6#C6#vSCCss#SvVC6†fVSfcC#““&ff33#f3##SS"Â6—¦RÒc3"ÂWÆöB×F–ÖRÒ###bÓrÓ#C#£s£32ãe¢"ÒÀ¢²W&ÂÒ&‡GG3¢òöf–ÆW2ç—F†öæ†÷7FVBæ÷&r÷6¶vW2ó‚óƒböcCf#3&fc““SsVFS&FcsVcCvfcƒ–V&Sƒ6#vCc“s36#ƒf6V6F"÷–&ÂÓã#BãRÖ73BÖ73GBÖ×W6ÆÆ–çW…óó%÷33“‚çv†Â"Â†6‚Ò'6†#Sc¦cSC33Sƒ“ƒCcs–f3vf3s“f#S“s3s“ƒsFcVFf3VS&cV&6FFfSb"Â6—¦RÒ3s’ÂWÆöB×F–ÖRÒ###bÓrÓ#C#£s£3RãSU¢"ÒÀ¢²W&ÂÒ&‡GG3¢òöf–ÆW2ç—F†öæ†÷7FVBæ÷&r÷6¶vW2öcóf2ó–c6Ff&C6#3#Ffcv66#6ƒ6V&&3S&C6ffcSSFCS3VScC&cv&&"÷–&ÂÓã#BãRÖ73BÖ73GBÖ×W6ÆÆ–çW…óó%÷ƒƒeócBçv†Â"Â†6‚Ò'6†#Sc¦cƒ3Ff#VCƒ3#&Cƒs&VfC333ƒ3†Sv3–6VƒCcvc#3#cSfcsS“cS“36CCr"Â6—¦RÒƒC“rÂWÆöB×F–ÖRÒ###bÓrÓ#C#£s£3rã3U¢"ÒÀ¢²W&ÂÒ&‡GG3¢òöf–ÆW2ç—F†öæ†÷7FVBæ÷&r÷6¶vW2öFBó3ró“V#&SV6ƒƒ6S#–3#3“3C†sF6C–f3S#ss#vcSCv6Ss&fS&&SV2÷–&ÂÓã#BãRÖ73BÖ73GB×v–åöÖCcBçv†Â"Â†6‚Ò'6†#Sc£V3ƒ†SSƒVC–C#ƒ–SS“–c3S6vfFS&3#“&fcƒ†c“–3“Ccvc“cS6CB"Â6—¦RÒ#CSÂWÆöB×F–ÖRÒ###bÓrÓ#C#£s£3’ãSs…¢"ÒÀ¢²W&ÂÒ&‡GG3¢òöf–ÆW2ç—F†öæ†÷7FVBæ÷&r÷6¶vW2ö&böcBöVCV3C&3†fFSCC6VC33cf3#sf&fFF3†ccsvV&CS–c6Cc#ss&63vfSCc‚÷–&ÂÓã#BãRÖ73BÖ73GB×v–åö&ÓcBçv†Â"Â†6‚Ò'6†#Sc¦6c3–3&cVc#6VccS3#C3fccc&33†3“S#33Fc#Cf#†Sc#vcscƒ‚"Â6—¦RÒ“s##"ÂWÆöB×F–ÖRÒ###bÓrÓ#C#£s£CãSU¢"ÒÀ¢²W&ÂÒ&‡GG3¢òöf–ÆW2ç—F†öæ†÷7FVBæ÷&r÷6¶vW2ócó"ó“c&36&f3C33C3FF3cvfc3“VccF#S#3&3fCc&FSSSf3f6“–63÷–&ÂÓã#BãR×“2ÖæöæRÖç’çv†Â"Â†6‚Ò'6†#Sc¦33sC6C–#vCƒFfC“Cv#–fcc–f#–s“&SS–3†6#“scF66s&f3#6r"Â6—¦RÒSƒc"ÂWÆöB×F–ÖRÒ###bÓrÓ#C#£s£C2ãCc¢"ÒÀ¥Ð